
Microsoft Visual Studio Solution File, Format Version 10.00
# Visual Studio 2008
Project("{FAE04EC0-301F-11D3-BF4B-00C04F79EFBC}") = "SpriteSheetMaker", "SpriteSheetMaker\SpriteSheetMaker.csproj", "{2D92DEEC-CDF9-4602-8AD3-9B305F66F148}"
EndProject
Project("{2150E333-8FDC-42A3-9474-1A3956D46DE8}") = "SideScroller", "SideScroller", "{9CA923A2-7667-485F-B26C-EE71BD806520}"
EndProject
Project("{FAE04EC0-301F-11D3-BF4B-00C04F79EFBC}") = "BYBFSideScrollerWindows", "SideScroller\BYBFSideScroller\BYBFSideScrollerWindows.csproj", "{B3AF47AF-879D-43D6-8FC7-AB99D0055189}"
EndProject
Project("{FAE04EC0-301F-11D3-BF4B-00C04F79EFBC}") = "BYBFSideScrollerProcessors", "SideScroller\BYBFSideScrollerProcessors\BYBFSideScrollerProcessors.csproj", "{A8D880C3-7352-43BE-869A-566270D7CB0A}"
EndProject
Project("{FAE04EC0-301F-11D3-BF4B-00C04F79EFBC}") = "BYBFSideScrollerMapMaker", "SideScroller\BYBFSideScrollerMapMaker\BYBFSideScrollerMapMaker.csproj", "{FAF315A8-A843-4FB1-8F65-7D41DF17D9C1}"
EndProject
Project("{FAE04EC0-301F-11D3-BF4B-00C04F79EFBC}") = "BYBFSideScroller360", "SideScroller\BYBFSideScroller\BYBFSideScroller360.csproj", "{CD657FC2-B466-4DF5-B5C5-320A8E9A82E6}"
EndProject
Project("{FAE04EC0-301F-11D3-BF4B-00C04F79EFBC}") = "BYBFSideScrollerData360", "SideScroller\BYBFSideScrollerData\BYBFSideScrollerData360.csproj", "{09CA4F2D-70EC-4446-8D42-13006BAE097A}"
EndProject
Project("{FAE04EC0-301F-11D3-BF4B-00C04F79EFBC}") = "BYBFSideScrollerZune", "SideScroller\BYBFSideScroller\BYBFSideScrollerZune.csproj", "{FAD90F7A-B543-424A-A7F7-EF7422DF5DE2}"
EndProject
Project("{FAE04EC0-301F-11D3-BF4B-00C04F79EFBC}") = "BYBFSideScrollerDataZune", "SideScroller\BYBFSideScrollerData\BYBFSideScrollerDataZune.csproj", "{C2CB68FD-C802-467A-8810-0A4EBC59DB7A}"
EndProject
Project("{FAE04EC0-301F-11D3-BF4B-00C04F79EFBC}") = "BYBFSideScrollerDataWindows", "SideScroller\BYBFSideScrollerData\BYBFSideScrollerDataWindows.csproj", "{1F093F9B-6394-45E9-B3CC-0892C34AA379}"
EndProject
Project("{FAE04EC0-301F-11D3-BF4B-00C04F79EFBC}") = "AlphaMapTest", "AlphaMapTest\AlphaMapTest.csproj", "{695D610F-E030-4BC5-A824-3D5DE8C1E018}"
EndProject
Project("{FAE04EC0-301F-11D3-BF4B-00C04F79EFBC}") = "BackgroundTest", "BackgroundTest\BackgroundTest.csproj", "{B1F65B09-D679-4B5D-9D60-E6EB25AB247A}"
EndProject
Project("{FAE04EC0-301F-11D3-BF4B-00C04F79EFBC}") = "JumpGravity", "JumpGravity\JumpGravity.csproj", "{2159C444-5E3D-4093-B638-D2B3B617E8A1}"
EndProject
Project("{2150E333-8FDC-42A3-9474-1A3956D46DE8}") = "ScrollerEngine", "ScrollerEngine", "{5F3FE610-FA60-4AFA-B592-3F99F9F114C4}"
EndProject
Project("{FAE04EC0-301F-11D3-BF4B-00C04F79EFBC}") = "ScrollerEngineWindows", "ScrollerEngine\ScrollerEngineWindows\ScrollerEngineWindows.csproj", "{3A18D9D4-4C8B-4083-A427-A244077ED685}"
EndProject
Project("{FAE04EC0-301F-11D3-BF4B-00C04F79EFBC}") = "ScrollerEngineDataWindows", "ScrollerEngine\ScrollerEngineDataWindows\ScrollerEngineDataWindows.csproj", "{2D0F6FF5-5424-417A-A215-A4B6FBB45AE7}"
EndProject
Project("{FAE04EC0-301F-11D3-BF4B-00C04F79EFBC}") = "ScrollerEnginePipeline", "ScrollerEngine\ScrollerEnginePipeline\ScrollerEnginePipeline.csproj", "{6C8F106D-0C81-44E0-A747-DDFAE2345432}"
EndProject
Project("{FAE04EC0-301F-11D3-BF4B-00C04F79EFBC}") = "ScrollerEngineGameEditor", "ScrollerEngine\ScrollerEngineGameEditor\ScrollerEngineGameEditor.csproj", "{0DB3B5F0-1519-42CA-93D0-0F7D24364A66}"
EndProject
Project("{FAE04EC0-301F-11D3-BF4B-00C04F79EFBC}") = "ScrollerEngineData360", "ScrollerEngine\ScrollerEngineDataWindows\ScrollerEngineData360.csproj", "{7C67E800-D2BF-4FE7-B0CB-88FD1F241485}"
EndProject
Project("{FAE04EC0-301F-11D3-BF4B-00C04F79EFBC}") = "ScrollerEngine360", "ScrollerEngine\ScrollerEngineWindows\ScrollerEngine360.csproj", "{58D60196-7497-4BB3-AB65-A72C2B5130DD}"
EndProject
Project("{FAE04EC0-301F-11D3-BF4B-00C04F79EFBC}") = "WhitedUS.Controls", "WhitedUS.Controls\WhitedUS.Controls.csproj", "{9A87EE54-791A-4040-86CC-562B606C3A97}"
EndProject
Global
	GlobalSection(SolutionConfigurationPlatforms) = preSolution
		Debug|Any CPU = Debug|Any CPU
		Debug|Mixed Platforms = Debug|Mixed Platforms
		Debug|x86 = Debug|x86
		Debug|Xbox 360 = Debug|Xbox 360
		Debug|Zune = Debug|Zune
		Debug360|Any CPU = Debug360|Any CPU
		Debug360|Mixed Platforms = Debug360|Mixed Platforms
		Debug360|x86 = Debug360|x86
		Debug360|Xbox 360 = Debug360|Xbox 360
		Debug360|Zune = Debug360|Zune
		DebugZune|Any CPU = DebugZune|Any CPU
		DebugZune|Mixed Platforms = DebugZune|Mixed Platforms
		DebugZune|x86 = DebugZune|x86
		DebugZune|Xbox 360 = DebugZune|Xbox 360
		DebugZune|Zune = DebugZune|Zune
		Release|Any CPU = Release|Any CPU
		Release|Mixed Platforms = Release|Mixed Platforms
		Release|x86 = Release|x86
		Release|Xbox 360 = Release|Xbox 360
		Release|Zune = Release|Zune
	EndGlobalSection
	GlobalSection(ProjectConfigurationPlatforms) = postSolution
		{2D92DEEC-CDF9-4602-8AD3-9B305F66F148}.Debug|Any CPU.ActiveCfg = Debug|Any CPU
		{2D92DEEC-CDF9-4602-8AD3-9B305F66F148}.Debug|Any CPU.Build.0 = Debug|Any CPU
		{2D92DEEC-CDF9-4602-8AD3-9B305F66F148}.Debug|Mixed Platforms.ActiveCfg = Debug|Any CPU
		{2D92DEEC-CDF9-4602-8AD3-9B305F66F148}.Debug|Mixed Platforms.Build.0 = Debug|Any CPU
		{2D92DEEC-CDF9-4602-8AD3-9B305F66F148}.Debug|x86.ActiveCfg = Debug|Any CPU
		{2D92DEEC-CDF9-4602-8AD3-9B305F66F148}.Debug|Xbox 360.ActiveCfg = Debug|Any CPU
		{2D92DEEC-CDF9-4602-8AD3-9B305F66F148}.Debug|Zune.ActiveCfg = Debug|Any CPU
		{2D92DEEC-CDF9-4602-8AD3-9B305F66F148}.Debug360|Any CPU.ActiveCfg = Debug|Any CPU
		{2D92DEEC-CDF9-4602-8AD3-9B305F66F148}.Debug360|Mixed Platforms.ActiveCfg = Debug|Any CPU
		{2D92DEEC-CDF9-4602-8AD3-9B305F66F148}.Debug360|x86.ActiveCfg = Debug|Any CPU
		{2D92DEEC-CDF9-4602-8AD3-9B305F66F148}.Debug360|Xbox 360.ActiveCfg = Debug|Any CPU
		{2D92DEEC-CDF9-4602-8AD3-9B305F66F148}.Debug360|Zune.ActiveCfg = Debug|Any CPU
		{2D92DEEC-CDF9-4602-8AD3-9B305F66F148}.DebugZune|Any CPU.ActiveCfg = Debug|Any CPU
		{2D92DEEC-CDF9-4602-8AD3-9B305F66F148}.DebugZune|Any CPU.Build.0 = Debug|Any CPU
		{2D92DEEC-CDF9-4602-8AD3-9B305F66F148}.DebugZune|Mixed Platforms.ActiveCfg = Debug|Any CPU
		{2D92DEEC-CDF9-4602-8AD3-9B305F66F148}.DebugZune|Mixed Platforms.Build.0 = Debug|Any CPU
		{2D92DEEC-CDF9-4602-8AD3-9B305F66F148}.DebugZune|x86.ActiveCfg = Debug|Any CPU
		{2D92DEEC-CDF9-4602-8AD3-9B305F66F148}.DebugZune|Xbox 360.ActiveCfg = Debug|Any CPU
		{2D92DEEC-CDF9-4602-8AD3-9B305F66F148}.DebugZune|Zune.ActiveCfg = Debug|Any CPU
		{2D92DEEC-CDF9-4602-8AD3-9B305F66F148}.Release|Any CPU.ActiveCfg = Release|Any CPU
		{2D92DEEC-CDF9-4602-8AD3-9B305F66F148}.Release|Any CPU.Build.0 = Release|Any CPU
		{2D92DEEC-CDF9-4602-8AD3-9B305F66F148}.Release|Mixed Platforms.ActiveCfg = Release|Any CPU
		{2D92DEEC-CDF9-4602-8AD3-9B305F66F148}.Release|Mixed Platforms.Build.0 = Release|Any CPU
		{2D92DEEC-CDF9-4602-8AD3-9B305F66F148}.Release|x86.ActiveCfg = Release|Any CPU
		{2D92DEEC-CDF9-4602-8AD3-9B305F66F148}.Release|Xbox 360.ActiveCfg = Release|Any CPU
		{2D92DEEC-CDF9-4602-8AD3-9B305F66F148}.Release|Zune.ActiveCfg = Release|Any CPU
		{B3AF47AF-879D-43D6-8FC7-AB99D0055189}.Debug|Any CPU.ActiveCfg = Debug|x86
		{B3AF47AF-879D-43D6-8FC7-AB99D0055189}.Debug|Mixed Platforms.ActiveCfg = Debug|x86
		{B3AF47AF-879D-43D6-8FC7-AB99D0055189}.Debug|Mixed Platforms.Build.0 = Debug|x86
		{B3AF47AF-879D-43D6-8FC7-AB99D0055189}.Debug|x86.ActiveCfg = Debug|x86
		{B3AF47AF-879D-43D6-8FC7-AB99D0055189}.Debug|x86.Build.0 = Debug|x86
		{B3AF47AF-879D-43D6-8FC7-AB99D0055189}.Debug|Xbox 360.ActiveCfg = Debug|x86
		{B3AF47AF-879D-43D6-8FC7-AB99D0055189}.Debug|Zune.ActiveCfg = Debug|x86
		{B3AF47AF-879D-43D6-8FC7-AB99D0055189}.Debug360|Any CPU.ActiveCfg = Debug|x86
		{B3AF47AF-879D-43D6-8FC7-AB99D0055189}.Debug360|Mixed Platforms.ActiveCfg = Debug|x86
		{B3AF47AF-879D-43D6-8FC7-AB99D0055189}.Debug360|x86.ActiveCfg = Debug|x86
		{B3AF47AF-879D-43D6-8FC7-AB99D0055189}.Debug360|x86.Build.0 = Debug|x86
		{B3AF47AF-879D-43D6-8FC7-AB99D0055189}.Debug360|Xbox 360.ActiveCfg = Debug|x86
		{B3AF47AF-879D-43D6-8FC7-AB99D0055189}.Debug360|Zune.ActiveCfg = Debug|x86
		{B3AF47AF-879D-43D6-8FC7-AB99D0055189}.DebugZune|Any CPU.ActiveCfg = Debug|x86
		{B3AF47AF-879D-43D6-8FC7-AB99D0055189}.DebugZune|Mixed Platforms.ActiveCfg = Debug|x86
		{B3AF47AF-879D-43D6-8FC7-AB99D0055189}.DebugZune|x86.ActiveCfg = Debug|x86
		{B3AF47AF-879D-43D6-8FC7-AB99D0055189}.DebugZune|x86.Build.0 = Debug|x86
		{B3AF47AF-879D-43D6-8FC7-AB99D0055189}.DebugZune|Xbox 360.ActiveCfg = Debug|x86
		{B3AF47AF-879D-43D6-8FC7-AB99D0055189}.DebugZune|Zune.ActiveCfg = Debug|x86
		{B3AF47AF-879D-43D6-8FC7-AB99D0055189}.Release|Any CPU.ActiveCfg = Release|x86
		{B3AF47AF-879D-43D6-8FC7-AB99D0055189}.Release|Mixed Platforms.ActiveCfg = Release|x86
		{B3AF47AF-879D-43D6-8FC7-AB99D0055189}.Release|Mixed Platforms.Build.0 = Release|x86
		{B3AF47AF-879D-43D6-8FC7-AB99D0055189}.Release|x86.ActiveCfg = Release|x86
		{B3AF47AF-879D-43D6-8FC7-AB99D0055189}.Release|x86.Build.0 = Release|x86
		{B3AF47AF-879D-43D6-8FC7-AB99D0055189}.Release|Xbox 360.ActiveCfg = Release|x86
		{B3AF47AF-879D-43D6-8FC7-AB99D0055189}.Release|Zune.ActiveCfg = Release|x86
		{A8D880C3-7352-43BE-869A-566270D7CB0A}.Debug|Any CPU.ActiveCfg = Debug|Zune
		{A8D880C3-7352-43BE-869A-566270D7CB0A}.Debug|Mixed Platforms.ActiveCfg = Debug|x86
		{A8D880C3-7352-43BE-869A-566270D7CB0A}.Debug|Mixed Platforms.Build.0 = Debug|x86
		{A8D880C3-7352-43BE-869A-566270D7CB0A}.Debug|x86.ActiveCfg = Debug|x86
		{A8D880C3-7352-43BE-869A-566270D7CB0A}.Debug|x86.Build.0 = Debug|x86
		{A8D880C3-7352-43BE-869A-566270D7CB0A}.Debug|Xbox 360.ActiveCfg = Debug|Xbox 360
		{A8D880C3-7352-43BE-869A-566270D7CB0A}.Debug|Xbox 360.Build.0 = Debug|Xbox 360
		{A8D880C3-7352-43BE-869A-566270D7CB0A}.Debug|Zune.ActiveCfg = Debug|Zune
		{A8D880C3-7352-43BE-869A-566270D7CB0A}.Debug|Zune.Build.0 = Debug|Zune
		{A8D880C3-7352-43BE-869A-566270D7CB0A}.Debug360|Any CPU.ActiveCfg = Debug|Zune
		{A8D880C3-7352-43BE-869A-566270D7CB0A}.Debug360|Mixed Platforms.ActiveCfg = Debug|x86
		{A8D880C3-7352-43BE-869A-566270D7CB0A}.Debug360|Mixed Platforms.Build.0 = Debug|x86
		{A8D880C3-7352-43BE-869A-566270D7CB0A}.Debug360|x86.ActiveCfg = Debug|Zune
		{A8D880C3-7352-43BE-869A-566270D7CB0A}.Debug360|Xbox 360.ActiveCfg = Debug|Zune
		{A8D880C3-7352-43BE-869A-566270D7CB0A}.Debug360|Zune.ActiveCfg = Debug|Zune
		{A8D880C3-7352-43BE-869A-566270D7CB0A}.Debug360|Zune.Build.0 = Debug|Zune
		{A8D880C3-7352-43BE-869A-566270D7CB0A}.DebugZune|Any CPU.ActiveCfg = Debug|Zune
		{A8D880C3-7352-43BE-869A-566270D7CB0A}.DebugZune|Mixed Platforms.ActiveCfg = Debug|x86
		{A8D880C3-7352-43BE-869A-566270D7CB0A}.DebugZune|Mixed Platforms.Build.0 = Debug|x86
		{A8D880C3-7352-43BE-869A-566270D7CB0A}.DebugZune|x86.ActiveCfg = Debug|x86
		{A8D880C3-7352-43BE-869A-566270D7CB0A}.DebugZune|x86.Build.0 = Debug|x86
		{A8D880C3-7352-43BE-869A-566270D7CB0A}.DebugZune|Xbox 360.ActiveCfg = Debug|Xbox 360
		{A8D880C3-7352-43BE-869A-566270D7CB0A}.DebugZune|Xbox 360.Build.0 = Debug|Xbox 360
		{A8D880C3-7352-43BE-869A-566270D7CB0A}.DebugZune|Zune.ActiveCfg = Debug|Zune
		{A8D880C3-7352-43BE-869A-566270D7CB0A}.DebugZune|Zune.Build.0 = Debug|Zune
		{A8D880C3-7352-43BE-869A-566270D7CB0A}.Release|Any CPU.ActiveCfg = Release|Zune
		{A8D880C3-7352-43BE-869A-566270D7CB0A}.Release|Mixed Platforms.ActiveCfg = Release|Zune
		{A8D880C3-7352-43BE-869A-566270D7CB0A}.Release|Mixed Platforms.Build.0 = Release|Zune
		{A8D880C3-7352-43BE-869A-566270D7CB0A}.Release|x86.ActiveCfg = Release|x86
		{A8D880C3-7352-43BE-869A-566270D7CB0A}.Release|x86.Build.0 = Release|x86
		{A8D880C3-7352-43BE-869A-566270D7CB0A}.Release|Xbox 360.ActiveCfg = Release|Xbox 360
		{A8D880C3-7352-43BE-869A-566270D7CB0A}.Release|Xbox 360.Build.0 = Release|Xbox 360
		{A8D880C3-7352-43BE-869A-566270D7CB0A}.Release|Zune.ActiveCfg = Release|Zune
		{A8D880C3-7352-43BE-869A-566270D7CB0A}.Release|Zune.Build.0 = Release|Zune
		{FAF315A8-A843-4FB1-8F65-7D41DF17D9C1}.Debug|Any CPU.ActiveCfg = Debug|x86
		{FAF315A8-A843-4FB1-8F65-7D41DF17D9C1}.Debug|Mixed Platforms.ActiveCfg = Debug|x86
		{FAF315A8-A843-4FB1-8F65-7D41DF17D9C1}.Debug|Mixed Platforms.Build.0 = Debug|x86
		{FAF315A8-A843-4FB1-8F65-7D41DF17D9C1}.Debug|x86.ActiveCfg = Debug|x86
		{FAF315A8-A843-4FB1-8F65-7D41DF17D9C1}.Debug|x86.Build.0 = Debug|x86
		{FAF315A8-A843-4FB1-8F65-7D41DF17D9C1}.Debug|Xbox 360.ActiveCfg = Debug|x86
		{FAF315A8-A843-4FB1-8F65-7D41DF17D9C1}.Debug|Zune.ActiveCfg = Debug|x86
		{FAF315A8-A843-4FB1-8F65-7D41DF17D9C1}.Debug360|Any CPU.ActiveCfg = Debug|x86
		{FAF315A8-A843-4FB1-8F65-7D41DF17D9C1}.Debug360|Mixed Platforms.ActiveCfg = Debug|x86
		{FAF315A8-A843-4FB1-8F65-7D41DF17D9C1}.Debug360|x86.ActiveCfg = Debug|x86
		{FAF315A8-A843-4FB1-8F65-7D41DF17D9C1}.Debug360|x86.Build.0 = Debug|x86
		{FAF315A8-A843-4FB1-8F65-7D41DF17D9C1}.Debug360|Xbox 360.ActiveCfg = Debug|x86
		{FAF315A8-A843-4FB1-8F65-7D41DF17D9C1}.Debug360|Zune.ActiveCfg = Debug|x86
		{FAF315A8-A843-4FB1-8F65-7D41DF17D9C1}.DebugZune|Any CPU.ActiveCfg = Debug|x86
		{FAF315A8-A843-4FB1-8F65-7D41DF17D9C1}.DebugZune|Mixed Platforms.ActiveCfg = Debug|x86
		{FAF315A8-A843-4FB1-8F65-7D41DF17D9C1}.DebugZune|Mixed Platforms.Build.0 = Debug|x86
		{FAF315A8-A843-4FB1-8F65-7D41DF17D9C1}.DebugZune|x86.ActiveCfg = Debug|x86
		{FAF315A8-A843-4FB1-8F65-7D41DF17D9C1}.DebugZune|x86.Build.0 = Debug|x86
		{FAF315A8-A843-4FB1-8F65-7D41DF17D9C1}.DebugZune|Xbox 360.ActiveCfg = Debug|x86
		{FAF315A8-A843-4FB1-8F65-7D41DF17D9C1}.DebugZune|Zune.ActiveCfg = Debug|x86
		{FAF315A8-A843-4FB1-8F65-7D41DF17D9C1}.Release|Any CPU.ActiveCfg = Release|x86
		{FAF315A8-A843-4FB1-8F65-7D41DF17D9C1}.Release|Mixed Platforms.ActiveCfg = Release|x86
		{FAF315A8-A843-4FB1-8F65-7D41DF17D9C1}.Release|Mixed Platforms.Build.0 = Release|x86
		{FAF315A8-A843-4FB1-8F65-7D41DF17D9C1}.Release|x86.ActiveCfg = Release|x86
		{FAF315A8-A843-4FB1-8F65-7D41DF17D9C1}.Release|x86.Build.0 = Release|x86
		{FAF315A8-A843-4FB1-8F65-7D41DF17D9C1}.Release|Xbox 360.ActiveCfg = Release|x86
		{FAF315A8-A843-4FB1-8F65-7D41DF17D9C1}.Release|Zune.ActiveCfg = Release|x86
		{CD657FC2-B466-4DF5-B5C5-320A8E9A82E6}.Debug|Any CPU.ActiveCfg = Debug|Xbox 360
		{CD657FC2-B466-4DF5-B5C5-320A8E9A82E6}.Debug|Mixed Platforms.ActiveCfg = Debug|Xbox 360
		{CD657FC2-B466-4DF5-B5C5-320A8E9A82E6}.Debug|Mixed Platforms.Build.0 = Debug|Xbox 360
		{CD657FC2-B466-4DF5-B5C5-320A8E9A82E6}.Debug|x86.ActiveCfg = Debug|Xbox 360
		{CD657FC2-B466-4DF5-B5C5-320A8E9A82E6}.Debug|Xbox 360.ActiveCfg = Debug|Xbox 360
		{CD657FC2-B466-4DF5-B5C5-320A8E9A82E6}.Debug|Xbox 360.Build.0 = Debug|Xbox 360
		{CD657FC2-B466-4DF5-B5C5-320A8E9A82E6}.Debug|Xbox 360.Deploy.0 = Debug|Xbox 360
		{CD657FC2-B466-4DF5-B5C5-320A8E9A82E6}.Debug|Zune.ActiveCfg = Debug|Xbox 360
		{CD657FC2-B466-4DF5-B5C5-320A8E9A82E6}.Debug360|Any CPU.ActiveCfg = Debug|Xbox 360
		{CD657FC2-B466-4DF5-B5C5-320A8E9A82E6}.Debug360|Mixed Platforms.ActiveCfg = Debug|Xbox 360
		{CD657FC2-B466-4DF5-B5C5-320A8E9A82E6}.Debug360|Mixed Platforms.Build.0 = Debug|Xbox 360
		{CD657FC2-B466-4DF5-B5C5-320A8E9A82E6}.Debug360|Mixed Platforms.Deploy.0 = Debug|Xbox 360
		{CD657FC2-B466-4DF5-B5C5-320A8E9A82E6}.Debug360|x86.ActiveCfg = Debug|Xbox 360
		{CD657FC2-B466-4DF5-B5C5-320A8E9A82E6}.Debug360|Xbox 360.ActiveCfg = Debug|Xbox 360
		{CD657FC2-B466-4DF5-B5C5-320A8E9A82E6}.Debug360|Xbox 360.Build.0 = Debug|Xbox 360
		{CD657FC2-B466-4DF5-B5C5-320A8E9A82E6}.Debug360|Xbox 360.Deploy.0 = Debug|Xbox 360
		{CD657FC2-B466-4DF5-B5C5-320A8E9A82E6}.Debug360|Zune.ActiveCfg = Debug|Xbox 360
		{CD657FC2-B466-4DF5-B5C5-320A8E9A82E6}.DebugZune|Any CPU.ActiveCfg = Debug|Xbox 360
		{CD657FC2-B466-4DF5-B5C5-320A8E9A82E6}.DebugZune|Mixed Platforms.ActiveCfg = Debug|Xbox 360
		{CD657FC2-B466-4DF5-B5C5-320A8E9A82E6}.DebugZune|x86.ActiveCfg = Debug|Xbox 360
		{CD657FC2-B466-4DF5-B5C5-320A8E9A82E6}.DebugZune|Xbox 360.ActiveCfg = Debug|Xbox 360
		{CD657FC2-B466-4DF5-B5C5-320A8E9A82E6}.DebugZune|Xbox 360.Build.0 = Debug|Xbox 360
		{CD657FC2-B466-4DF5-B5C5-320A8E9A82E6}.DebugZune|Xbox 360.Deploy.0 = Debug|Xbox 360
		{CD657FC2-B466-4DF5-B5C5-320A8E9A82E6}.DebugZune|Zune.ActiveCfg = Debug|Xbox 360
		{CD657FC2-B466-4DF5-B5C5-320A8E9A82E6}.Release|Any CPU.ActiveCfg = Release|Xbox 360
		{CD657FC2-B466-4DF5-B5C5-320A8E9A82E6}.Release|Mixed Platforms.ActiveCfg = Release|Xbox 360
		{CD657FC2-B466-4DF5-B5C5-320A8E9A82E6}.Release|Mixed Platforms.Build.0 = Release|Xbox 360
		{CD657FC2-B466-4DF5-B5C5-320A8E9A82E6}.Release|Mixed Platforms.Deploy.0 = Release|Xbox 360
		{CD657FC2-B466-4DF5-B5C5-320A8E9A82E6}.Release|x86.ActiveCfg = Release|Xbox 360
		{CD657FC2-B466-4DF5-B5C5-320A8E9A82E6}.Release|Xbox 360.ActiveCfg = Release|Xbox 360
		{CD657FC2-B466-4DF5-B5C5-320A8E9A82E6}.Release|Xbox 360.Build.0 = Release|Xbox 360
		{CD657FC2-B466-4DF5-B5C5-320A8E9A82E6}.Release|Xbox 360.Deploy.0 = Release|Xbox 360
		{CD657FC2-B466-4DF5-B5C5-320A8E9A82E6}.Release|Zune.ActiveCfg = Release|Xbox 360
		{09CA4F2D-70EC-4446-8D42-13006BAE097A}.Debug|Any CPU.ActiveCfg = Debug|Xbox 360
		{09CA4F2D-70EC-4446-8D42-13006BAE097A}.Debug|Mixed Platforms.ActiveCfg = Debug|Xbox 360
		{09CA4F2D-70EC-4446-8D42-13006BAE097A}.Debug|Mixed Platforms.Build.0 = Debug|Xbox 360
		{09CA4F2D-70EC-4446-8D42-13006BAE097A}.Debug|x86.ActiveCfg = Debug|Xbox 360
		{09CA4F2D-70EC-4446-8D42-13006BAE097A}.Debug|Xbox 360.ActiveCfg = Debug|Xbox 360
		{09CA4F2D-70EC-4446-8D42-13006BAE097A}.Debug|Xbox 360.Build.0 = Debug|Xbox 360
		{09CA4F2D-70EC-4446-8D42-13006BAE097A}.Debug|Zune.ActiveCfg = Debug|Xbox 360
		{09CA4F2D-70EC-4446-8D42-13006BAE097A}.Debug360|Any CPU.ActiveCfg = Debug|Xbox 360
		{09CA4F2D-70EC-4446-8D42-13006BAE097A}.Debug360|Mixed Platforms.ActiveCfg = Debug|Xbox 360
		{09CA4F2D-70EC-4446-8D42-13006BAE097A}.Debug360|Mixed Platforms.Build.0 = Debug|Xbox 360
		{09CA4F2D-70EC-4446-8D42-13006BAE097A}.Debug360|x86.ActiveCfg = Debug|Xbox 360
		{09CA4F2D-70EC-4446-8D42-13006BAE097A}.Debug360|Xbox 360.ActiveCfg = Debug|Xbox 360
		{09CA4F2D-70EC-4446-8D42-13006BAE097A}.Debug360|Xbox 360.Build.0 = Debug|Xbox 360
		{09CA4F2D-70EC-4446-8D42-13006BAE097A}.Debug360|Zune.ActiveCfg = Debug|Xbox 360
		{09CA4F2D-70EC-4446-8D42-13006BAE097A}.DebugZune|Any CPU.ActiveCfg = Debug|Xbox 360
		{09CA4F2D-70EC-4446-8D42-13006BAE097A}.DebugZune|Mixed Platforms.ActiveCfg = Debug|Xbox 360
		{09CA4F2D-70EC-4446-8D42-13006BAE097A}.DebugZune|x86.ActiveCfg = Debug|Xbox 360
		{09CA4F2D-70EC-4446-8D42-13006BAE097A}.DebugZune|Xbox 360.ActiveCfg = Debug|Xbox 360
		{09CA4F2D-70EC-4446-8D42-13006BAE097A}.DebugZune|Xbox 360.Build.0 = Debug|Xbox 360
		{09CA4F2D-70EC-4446-8D42-13006BAE097A}.DebugZune|Zune.ActiveCfg = Debug|Xbox 360
		{09CA4F2D-70EC-4446-8D42-13006BAE097A}.Release|Any CPU.ActiveCfg = Release|Xbox 360
		{09CA4F2D-70EC-4446-8D42-13006BAE097A}.Release|Mixed Platforms.ActiveCfg = Release|Xbox 360
		{09CA4F2D-70EC-4446-8D42-13006BAE097A}.Release|Mixed Platforms.Build.0 = Release|Xbox 360
		{09CA4F2D-70EC-4446-8D42-13006BAE097A}.Release|x86.ActiveCfg = Release|Xbox 360
		{09CA4F2D-70EC-4446-8D42-13006BAE097A}.Release|Xbox 360.ActiveCfg = Release|Xbox 360
		{09CA4F2D-70EC-4446-8D42-13006BAE097A}.Release|Xbox 360.Build.0 = Release|Xbox 360
		{09CA4F2D-70EC-4446-8D42-13006BAE097A}.Release|Zune.ActiveCfg = Release|Xbox 360
		{FAD90F7A-B543-424A-A7F7-EF7422DF5DE2}.Debug|Any CPU.ActiveCfg = Debug|Zune
		{FAD90F7A-B543-424A-A7F7-EF7422DF5DE2}.Debug|Mixed Platforms.ActiveCfg = Debug|Zune
		{FAD90F7A-B543-424A-A7F7-EF7422DF5DE2}.Debug|Mixed Platforms.Build.0 = Debug|Zune
		{FAD90F7A-B543-424A-A7F7-EF7422DF5DE2}.Debug|x86.ActiveCfg = Debug|Zune
		{FAD90F7A-B543-424A-A7F7-EF7422DF5DE2}.Debug|Xbox 360.ActiveCfg = Debug|Zune
		{FAD90F7A-B543-424A-A7F7-EF7422DF5DE2}.Debug|Zune.ActiveCfg = Debug|Zune
		{FAD90F7A-B543-424A-A7F7-EF7422DF5DE2}.Debug|Zune.Build.0 = Debug|Zune
		{FAD90F7A-B543-424A-A7F7-EF7422DF5DE2}.Debug|Zune.Deploy.0 = Debug|Zune
		{FAD90F7A-B543-424A-A7F7-EF7422DF5DE2}.Debug360|Any CPU.ActiveCfg = Debug|Zune
		{FAD90F7A-B543-424A-A7F7-EF7422DF5DE2}.Debug360|Mixed Platforms.ActiveCfg = Debug|Zune
		{FAD90F7A-B543-424A-A7F7-EF7422DF5DE2}.Debug360|x86.ActiveCfg = Debug|Zune
		{FAD90F7A-B543-424A-A7F7-EF7422DF5DE2}.Debug360|Xbox 360.ActiveCfg = Debug|Zune
		{FAD90F7A-B543-424A-A7F7-EF7422DF5DE2}.Debug360|Zune.ActiveCfg = Debug|Zune
		{FAD90F7A-B543-424A-A7F7-EF7422DF5DE2}.Debug360|Zune.Build.0 = Debug|Zune
		{FAD90F7A-B543-424A-A7F7-EF7422DF5DE2}.Debug360|Zune.Deploy.0 = Debug|Zune
		{FAD90F7A-B543-424A-A7F7-EF7422DF5DE2}.DebugZune|Any CPU.ActiveCfg = Debug|Zune
		{FAD90F7A-B543-424A-A7F7-EF7422DF5DE2}.DebugZune|Mixed Platforms.ActiveCfg = Debug|Zune
		{FAD90F7A-B543-424A-A7F7-EF7422DF5DE2}.DebugZune|Mixed Platforms.Build.0 = Debug|Zune
		{FAD90F7A-B543-424A-A7F7-EF7422DF5DE2}.DebugZune|Mixed Platforms.Deploy.0 = Debug|Zune
		{FAD90F7A-B543-424A-A7F7-EF7422DF5DE2}.DebugZune|x86.ActiveCfg = Debug|Zune
		{FAD90F7A-B543-424A-A7F7-EF7422DF5DE2}.DebugZune|Xbox 360.ActiveCfg = Debug|Zune
		{FAD90F7A-B543-424A-A7F7-EF7422DF5DE2}.DebugZune|Zune.ActiveCfg = Debug|Zune
		{FAD90F7A-B543-424A-A7F7-EF7422DF5DE2}.DebugZune|Zune.Build.0 = Debug|Zune
		{FAD90F7A-B543-424A-A7F7-EF7422DF5DE2}.DebugZune|Zune.Deploy.0 = Debug|Zune
		{FAD90F7A-B543-424A-A7F7-EF7422DF5DE2}.Release|Any CPU.ActiveCfg = Release|Zune
		{FAD90F7A-B543-424A-A7F7-EF7422DF5DE2}.Release|Mixed Platforms.ActiveCfg = Release|Zune
		{FAD90F7A-B543-424A-A7F7-EF7422DF5DE2}.Release|Mixed Platforms.Build.0 = Release|Zune
		{FAD90F7A-B543-424A-A7F7-EF7422DF5DE2}.Release|Mixed Platforms.Deploy.0 = Release|Zune
		{FAD90F7A-B543-424A-A7F7-EF7422DF5DE2}.Release|x86.ActiveCfg = Release|Zune
		{FAD90F7A-B543-424A-A7F7-EF7422DF5DE2}.Release|Xbox 360.ActiveCfg = Release|Zune
		{FAD90F7A-B543-424A-A7F7-EF7422DF5DE2}.Release|Zune.ActiveCfg = Release|Zune
		{FAD90F7A-B543-424A-A7F7-EF7422DF5DE2}.Release|Zune.Build.0 = Release|Zune
		{FAD90F7A-B543-424A-A7F7-EF7422DF5DE2}.Release|Zune.Deploy.0 = Release|Zune
		{C2CB68FD-C802-467A-8810-0A4EBC59DB7A}.Debug|Any CPU.ActiveCfg = Debug|Zune
		{C2CB68FD-C802-467A-8810-0A4EBC59DB7A}.Debug|Mixed Platforms.ActiveCfg = Debug|Zune
		{C2CB68FD-C802-467A-8810-0A4EBC59DB7A}.Debug|Mixed Platforms.Build.0 = Debug|Zune
		{C2CB68FD-C802-467A-8810-0A4EBC59DB7A}.Debug|x86.ActiveCfg = Debug|Zune
		{C2CB68FD-C802-467A-8810-0A4EBC59DB7A}.Debug|Xbox 360.ActiveCfg = Debug|Zune
		{C2CB68FD-C802-467A-8810-0A4EBC59DB7A}.Debug|Zune.ActiveCfg = Debug|Zune
		{C2CB68FD-C802-467A-8810-0A4EBC59DB7A}.Debug|Zune.Build.0 = Debug|Zune
		{C2CB68FD-C802-467A-8810-0A4EBC59DB7A}.Debug360|Any CPU.ActiveCfg = Debug|Zune
		{C2CB68FD-C802-467A-8810-0A4EBC59DB7A}.Debug360|Mixed Platforms.ActiveCfg = Debug|Zune
		{C2CB68FD-C802-467A-8810-0A4EBC59DB7A}.Debug360|x86.ActiveCfg = Debug|Zune
		{C2CB68FD-C802-467A-8810-0A4EBC59DB7A}.Debug360|Xbox 360.ActiveCfg = Debug|Zune
		{C2CB68FD-C802-467A-8810-0A4EBC59DB7A}.Debug360|Zune.ActiveCfg = Debug|Zune
		{C2CB68FD-C802-467A-8810-0A4EBC59DB7A}.Debug360|Zune.Build.0 = Debug|Zune
		{C2CB68FD-C802-467A-8810-0A4EBC59DB7A}.DebugZune|Any CPU.ActiveCfg = Debug|Zune
		{C2CB68FD-C802-467A-8810-0A4EBC59DB7A}.DebugZune|Mixed Platforms.ActiveCfg = Debug|Zune
		{C2CB68FD-C802-467A-8810-0A4EBC59DB7A}.DebugZune|Mixed Platforms.Build.0 = Debug|Zune
		{C2CB68FD-C802-467A-8810-0A4EBC59DB7A}.DebugZune|x86.ActiveCfg = Debug|Zune
		{C2CB68FD-C802-467A-8810-0A4EBC59DB7A}.DebugZune|Xbox 360.ActiveCfg = Debug|Zune
		{C2CB68FD-C802-467A-8810-0A4EBC59DB7A}.DebugZune|Zune.ActiveCfg = Debug|Zune
		{C2CB68FD-C802-467A-8810-0A4EBC59DB7A}.DebugZune|Zune.Build.0 = Debug|Zune
		{C2CB68FD-C802-467A-8810-0A4EBC59DB7A}.Release|Any CPU.ActiveCfg = Release|Zune
		{C2CB68FD-C802-467A-8810-0A4EBC59DB7A}.Release|Mixed Platforms.ActiveCfg = Release|Zune
		{C2CB68FD-C802-467A-8810-0A4EBC59DB7A}.Release|Mixed Platforms.Build.0 = Release|Zune
		{C2CB68FD-C802-467A-8810-0A4EBC59DB7A}.Release|x86.ActiveCfg = Release|Zune
		{C2CB68FD-C802-467A-8810-0A4EBC59DB7A}.Release|Xbox 360.ActiveCfg = Release|Zune
		{C2CB68FD-C802-467A-8810-0A4EBC59DB7A}.Release|Zune.ActiveCfg = Release|Zune
		{C2CB68FD-C802-467A-8810-0A4EBC59DB7A}.Release|Zune.Build.0 = Release|Zune
		{1F093F9B-6394-45E9-B3CC-0892C34AA379}.Debug|Any CPU.ActiveCfg = Debug|x86
		{1F093F9B-6394-45E9-B3CC-0892C34AA379}.Debug|Mixed Platforms.ActiveCfg = Debug|x86
		{1F093F9B-6394-45E9-B3CC-0892C34AA379}.Debug|Mixed Platforms.Build.0 = Debug|x86
		{1F093F9B-6394-45E9-B3CC-0892C34AA379}.Debug|x86.ActiveCfg = Debug|x86
		{1F093F9B-6394-45E9-B3CC-0892C34AA379}.Debug|x86.Build.0 = Debug|x86
		{1F093F9B-6394-45E9-B3CC-0892C34AA379}.Debug|Xbox 360.ActiveCfg = Debug|x86
		{1F093F9B-6394-45E9-B3CC-0892C34AA379}.Debug|Zune.ActiveCfg = Debug|x86
		{1F093F9B-6394-45E9-B3CC-0892C34AA379}.Debug360|Any CPU.ActiveCfg = Debug|x86
		{1F093F9B-6394-45E9-B3CC-0892C34AA379}.Debug360|Mixed Platforms.ActiveCfg = Debug|x86
		{1F093F9B-6394-45E9-B3CC-0892C34AA379}.Debug360|Mixed Platforms.Build.0 = Debug|x86
		{1F093F9B-6394-45E9-B3CC-0892C34AA379}.Debug360|x86.ActiveCfg = Debug|x86
		{1F093F9B-6394-45E9-B3CC-0892C34AA379}.Debug360|x86.Build.0 = Debug|x86
		{1F093F9B-6394-45E9-B3CC-0892C34AA379}.Debug360|Xbox 360.ActiveCfg = Debug|x86
		{1F093F9B-6394-45E9-B3CC-0892C34AA379}.Debug360|Zune.ActiveCfg = Debug|x86
		{1F093F9B-6394-45E9-B3CC-0892C34AA379}.DebugZune|Any CPU.ActiveCfg = Debug|x86
		{1F093F9B-6394-45E9-B3CC-0892C34AA379}.DebugZune|Mixed Platforms.ActiveCfg = Debug|x86
		{1F093F9B-6394-45E9-B3CC-0892C34AA379}.DebugZune|Mixed Platforms.Build.0 = Debug|x86
		{1F093F9B-6394-45E9-B3CC-0892C34AA379}.DebugZune|x86.ActiveCfg = Debug|x86
		{1F093F9B-6394-45E9-B3CC-0892C34AA379}.DebugZune|x86.Build.0 = Debug|x86
		{1F093F9B-6394-45E9-B3CC-0892C34AA379}.DebugZune|Xbox 360.ActiveCfg = Debug|x86
		{1F093F9B-6394-45E9-B3CC-0892C34AA379}.DebugZune|Zune.ActiveCfg = Debug|x86
		{1F093F9B-6394-45E9-B3CC-0892C34AA379}.Release|Any CPU.ActiveCfg = Release|x86
		{1F093F9B-6394-45E9-B3CC-0892C34AA379}.Release|Mixed Platforms.ActiveCfg = Release|x86
		{1F093F9B-6394-45E9-B3CC-0892C34AA379}.Release|Mixed Platforms.Build.0 = Release|x86
		{1F093F9B-6394-45E9-B3CC-0892C34AA379}.Release|x86.ActiveCfg = Release|x86
		{1F093F9B-6394-45E9-B3CC-0892C34AA379}.Release|x86.Build.0 = Release|x86
		{1F093F9B-6394-45E9-B3CC-0892C34AA379}.Release|Xbox 360.ActiveCfg = Release|x86
		{1F093F9B-6394-45E9-B3CC-0892C34AA379}.Release|Zune.ActiveCfg = Release|x86
		{695D610F-E030-4BC5-A824-3D5DE8C1E018}.Debug|Any CPU.ActiveCfg = Debug|x86
		{695D610F-E030-4BC5-A824-3D5DE8C1E018}.Debug|Mixed Platforms.ActiveCfg = Debug|x86
		{695D610F-E030-4BC5-A824-3D5DE8C1E018}.Debug|Mixed Platforms.Build.0 = Debug|x86
		{695D610F-E030-4BC5-A824-3D5DE8C1E018}.Debug|x86.ActiveCfg = Debug|x86
		{695D610F-E030-4BC5-A824-3D5DE8C1E018}.Debug|x86.Build.0 = Debug|x86
		{695D610F-E030-4BC5-A824-3D5DE8C1E018}.Debug|Xbox 360.ActiveCfg = Debug|x86
		{695D610F-E030-4BC5-A824-3D5DE8C1E018}.Debug|Zune.ActiveCfg = Debug|x86
		{695D610F-E030-4BC5-A824-3D5DE8C1E018}.Debug360|Any CPU.ActiveCfg = Debug|x86
		{695D610F-E030-4BC5-A824-3D5DE8C1E018}.Debug360|Mixed Platforms.ActiveCfg = Debug|x86
		{695D610F-E030-4BC5-A824-3D5DE8C1E018}.Debug360|Mixed Platforms.Build.0 = Debug|x86
		{695D610F-E030-4BC5-A824-3D5DE8C1E018}.Debug360|x86.ActiveCfg = Debug|x86
		{695D610F-E030-4BC5-A824-3D5DE8C1E018}.Debug360|x86.Build.0 = Debug|x86
		{695D610F-E030-4BC5-A824-3D5DE8C1E018}.Debug360|Xbox 360.ActiveCfg = Debug|x86
		{695D610F-E030-4BC5-A824-3D5DE8C1E018}.Debug360|Zune.ActiveCfg = Debug|x86
		{695D610F-E030-4BC5-A824-3D5DE8C1E018}.DebugZune|Any CPU.ActiveCfg = Debug|x86
		{695D610F-E030-4BC5-A824-3D5DE8C1E018}.DebugZune|Mixed Platforms.ActiveCfg = Debug|x86
		{695D610F-E030-4BC5-A824-3D5DE8C1E018}.DebugZune|Mixed Platforms.Build.0 = Debug|x86
		{695D610F-E030-4BC5-A824-3D5DE8C1E018}.DebugZune|x86.ActiveCfg = Debug|x86
		{695D610F-E030-4BC5-A824-3D5DE8C1E018}.DebugZune|x86.Build.0 = Debug|x86
		{695D610F-E030-4BC5-A824-3D5DE8C1E018}.DebugZune|Xbox 360.ActiveCfg = Debug|x86
		{695D610F-E030-4BC5-A824-3D5DE8C1E018}.DebugZune|Zune.ActiveCfg = Debug|x86
		{695D610F-E030-4BC5-A824-3D5DE8C1E018}.Release|Any CPU.ActiveCfg = Release|x86
		{695D610F-E030-4BC5-A824-3D5DE8C1E018}.Release|Mixed Platforms.ActiveCfg = Release|x86
		{695D610F-E030-4BC5-A824-3D5DE8C1E018}.Release|Mixed Platforms.Build.0 = Release|x86
		{695D610F-E030-4BC5-A824-3D5DE8C1E018}.Release|x86.ActiveCfg = Release|x86
		{695D610F-E030-4BC5-A824-3D5DE8C1E018}.Release|x86.Build.0 = Release|x86
		{695D610F-E030-4BC5-A824-3D5DE8C1E018}.Release|Xbox 360.ActiveCfg = Release|x86
		{695D610F-E030-4BC5-A824-3D5DE8C1E018}.Release|Zune.ActiveCfg = Release|x86
		{B1F65B09-D679-4B5D-9D60-E6EB25AB247A}.Debug|Any CPU.ActiveCfg = Debug|x86
		{B1F65B09-D679-4B5D-9D60-E6EB25AB247A}.Debug|Mixed Platforms.ActiveCfg = Debug|x86
		{B1F65B09-D679-4B5D-9D60-E6EB25AB247A}.Debug|Mixed Platforms.Build.0 = Debug|x86
		{B1F65B09-D679-4B5D-9D60-E6EB25AB247A}.Debug|x86.ActiveCfg = Debug|x86
		{B1F65B09-D679-4B5D-9D60-E6EB25AB247A}.Debug|x86.Build.0 = Debug|x86
		{B1F65B09-D679-4B5D-9D60-E6EB25AB247A}.Debug|Xbox 360.ActiveCfg = Debug|x86
		{B1F65B09-D679-4B5D-9D60-E6EB25AB247A}.Debug|Zune.ActiveCfg = Debug|x86
		{B1F65B09-D679-4B5D-9D60-E6EB25AB247A}.Debug360|Any CPU.ActiveCfg = Debug|x86
		{B1F65B09-D679-4B5D-9D60-E6EB25AB247A}.Debug360|Mixed Platforms.ActiveCfg = Debug|x86
		{B1F65B09-D679-4B5D-9D60-E6EB25AB247A}.Debug360|Mixed Platforms.Build.0 = Debug|x86
		{B1F65B09-D679-4B5D-9D60-E6EB25AB247A}.Debug360|x86.ActiveCfg = Debug|x86
		{B1F65B09-D679-4B5D-9D60-E6EB25AB247A}.Debug360|x86.Build.0 = Debug|x86
		{B1F65B09-D679-4B5D-9D60-E6EB25AB247A}.Debug360|Xbox 360.ActiveCfg = Debug|x86
		{B1F65B09-D679-4B5D-9D60-E6EB25AB247A}.Debug360|Zune.ActiveCfg = Debug|x86
		{B1F65B09-D679-4B5D-9D60-E6EB25AB247A}.DebugZune|Any CPU.ActiveCfg = Debug|x86
		{B1F65B09-D679-4B5D-9D60-E6EB25AB247A}.DebugZune|Mixed Platforms.ActiveCfg = Debug|x86
		{B1F65B09-D679-4B5D-9D60-E6EB25AB247A}.DebugZune|Mixed Platforms.Build.0 = Debug|x86
		{B1F65B09-D679-4B5D-9D60-E6EB25AB247A}.DebugZune|x86.ActiveCfg = Debug|x86
		{B1F65B09-D679-4B5D-9D60-E6EB25AB247A}.DebugZune|x86.Build.0 = Debug|x86
		{B1F65B09-D679-4B5D-9D60-E6EB25AB247A}.DebugZune|Xbox 360.ActiveCfg = Debug|x86
		{B1F65B09-D679-4B5D-9D60-E6EB25AB247A}.DebugZune|Zune.ActiveCfg = Debug|x86
		{B1F65B09-D679-4B5D-9D60-E6EB25AB247A}.Release|Any CPU.ActiveCfg = Release|x86
		{B1F65B09-D679-4B5D-9D60-E6EB25AB247A}.Release|Mixed Platforms.ActiveCfg = Release|x86
		{B1F65B09-D679-4B5D-9D60-E6EB25AB247A}.Release|Mixed Platforms.Build.0 = Release|x86
		{B1F65B09-D679-4B5D-9D60-E6EB25AB247A}.Release|x86.ActiveCfg = Release|x86
		{B1F65B09-D679-4B5D-9D60-E6EB25AB247A}.Release|x86.Build.0 = Release|x86
		{B1F65B09-D679-4B5D-9D60-E6EB25AB247A}.Release|Xbox 360.ActiveCfg = Release|x86
		{B1F65B09-D679-4B5D-9D60-E6EB25AB247A}.Release|Zune.ActiveCfg = Release|x86
		{2159C444-5E3D-4093-B638-D2B3B617E8A1}.Debug|Any CPU.ActiveCfg = Debug|x86
		{2159C444-5E3D-4093-B638-D2B3B617E8A1}.Debug|Mixed Platforms.ActiveCfg = Debug|x86
		{2159C444-5E3D-4093-B638-D2B3B617E8A1}.Debug|Mixed Platforms.Build.0 = Debug|x86
		{2159C444-5E3D-4093-B638-D2B3B617E8A1}.Debug|x86.ActiveCfg = Debug|x86
		{2159C444-5E3D-4093-B638-D2B3B617E8A1}.Debug|x86.Build.0 = Debug|x86
		{2159C444-5E3D-4093-B638-D2B3B617E8A1}.Debug|Xbox 360.ActiveCfg = Debug|x86
		{2159C444-5E3D-4093-B638-D2B3B617E8A1}.Debug|Zune.ActiveCfg = Debug|x86
		{2159C444-5E3D-4093-B638-D2B3B617E8A1}.Debug360|Any CPU.ActiveCfg = Debug|x86
		{2159C444-5E3D-4093-B638-D2B3B617E8A1}.Debug360|Mixed Platforms.ActiveCfg = Debug|x86
		{2159C444-5E3D-4093-B638-D2B3B617E8A1}.Debug360|Mixed Platforms.Build.0 = Debug|x86
		{2159C444-5E3D-4093-B638-D2B3B617E8A1}.Debug360|x86.ActiveCfg = Debug|x86
		{2159C444-5E3D-4093-B638-D2B3B617E8A1}.Debug360|x86.Build.0 = Debug|x86
		{2159C444-5E3D-4093-B638-D2B3B617E8A1}.Debug360|Xbox 360.ActiveCfg = Debug|x86
		{2159C444-5E3D-4093-B638-D2B3B617E8A1}.Debug360|Zune.ActiveCfg = Debug|x86
		{2159C444-5E3D-4093-B638-D2B3B617E8A1}.DebugZune|Any CPU.ActiveCfg = Debug|x86
		{2159C444-5E3D-4093-B638-D2B3B617E8A1}.DebugZune|Mixed Platforms.ActiveCfg = Debug|x86
		{2159C444-5E3D-4093-B638-D2B3B617E8A1}.DebugZune|Mixed Platforms.Build.0 = Debug|x86
		{2159C444-5E3D-4093-B638-D2B3B617E8A1}.DebugZune|x86.ActiveCfg = Debug|x86
		{2159C444-5E3D-4093-B638-D2B3B617E8A1}.DebugZune|x86.Build.0 = Debug|x86
		{2159C444-5E3D-4093-B638-D2B3B617E8A1}.DebugZune|Xbox 360.ActiveCfg = Debug|x86
		{2159C444-5E3D-4093-B638-D2B3B617E8A1}.DebugZune|Zune.ActiveCfg = Debug|x86
		{2159C444-5E3D-4093-B638-D2B3B617E8A1}.Release|Any CPU.ActiveCfg = Release|x86
		{2159C444-5E3D-4093-B638-D2B3B617E8A1}.Release|Mixed Platforms.ActiveCfg = Release|x86
		{2159C444-5E3D-4093-B638-D2B3B617E8A1}.Release|Mixed Platforms.Build.0 = Release|x86
		{2159C444-5E3D-4093-B638-D2B3B617E8A1}.Release|x86.ActiveCfg = Release|x86
		{2159C444-5E3D-4093-B638-D2B3B617E8A1}.Release|x86.Build.0 = Release|x86
		{2159C444-5E3D-4093-B638-D2B3B617E8A1}.Release|Xbox 360.ActiveCfg = Release|x86
		{2159C444-5E3D-4093-B638-D2B3B617E8A1}.Release|Zune.ActiveCfg = Release|x86
		{3A18D9D4-4C8B-4083-A427-A244077ED685}.Debug|Any CPU.ActiveCfg = Debug|x86
		{3A18D9D4-4C8B-4083-A427-A244077ED685}.Debug|Mixed Platforms.ActiveCfg = Debug|x86
		{3A18D9D4-4C8B-4083-A427-A244077ED685}.Debug|Mixed Platforms.Build.0 = Debug|x86
		{3A18D9D4-4C8B-4083-A427-A244077ED685}.Debug|x86.ActiveCfg = Debug|x86
		{3A18D9D4-4C8B-4083-A427-A244077ED685}.Debug|x86.Build.0 = Debug|x86
		{3A18D9D4-4C8B-4083-A427-A244077ED685}.Debug|Xbox 360.ActiveCfg = Debug|x86
		{3A18D9D4-4C8B-4083-A427-A244077ED685}.Debug|Zune.ActiveCfg = Debug|x86
		{3A18D9D4-4C8B-4083-A427-A244077ED685}.Debug360|Any CPU.ActiveCfg = Debug|x86
		{3A18D9D4-4C8B-4083-A427-A244077ED685}.Debug360|Mixed Platforms.ActiveCfg = Debug|x86
		{3A18D9D4-4C8B-4083-A427-A244077ED685}.Debug360|Mixed Platforms.Build.0 = Debug|x86
		{3A18D9D4-4C8B-4083-A427-A244077ED685}.Debug360|x86.ActiveCfg = Debug|x86
		{3A18D9D4-4C8B-4083-A427-A244077ED685}.Debug360|x86.Build.0 = Debug|x86
		{3A18D9D4-4C8B-4083-A427-A244077ED685}.Debug360|Xbox 360.ActiveCfg = Debug|x86
		{3A18D9D4-4C8B-4083-A427-A244077ED685}.Debug360|Zune.ActiveCfg = Debug|x86
		{3A18D9D4-4C8B-4083-A427-A244077ED685}.DebugZune|Any CPU.ActiveCfg = Debug|x86
		{3A18D9D4-4C8B-4083-A427-A244077ED685}.DebugZune|Mixed Platforms.ActiveCfg = Debug|x86
		{3A18D9D4-4C8B-4083-A427-A244077ED685}.DebugZune|Mixed Platforms.Build.0 = Debug|x86
		{3A18D9D4-4C8B-4083-A427-A244077ED685}.DebugZune|x86.ActiveCfg = Debug|x86
		{3A18D9D4-4C8B-4083-A427-A244077ED685}.DebugZune|x86.Build.0 = Debug|x86
		{3A18D9D4-4C8B-4083-A427-A244077ED685}.DebugZune|Xbox 360.ActiveCfg = Debug|x86
		{3A18D9D4-4C8B-4083-A427-A244077ED685}.DebugZune|Zune.ActiveCfg = Debug|x86
		{3A18D9D4-4C8B-4083-A427-A244077ED685}.Release|Any CPU.ActiveCfg = Release|x86
		{3A18D9D4-4C8B-4083-A427-A244077ED685}.Release|Mixed Platforms.ActiveCfg = Release|x86
		{3A18D9D4-4C8B-4083-A427-A244077ED685}.Release|Mixed Platforms.Build.0 = Release|x86
		{3A18D9D4-4C8B-4083-A427-A244077ED685}.Release|x86.ActiveCfg = Release|x86
		{3A18D9D4-4C8B-4083-A427-A244077ED685}.Release|x86.Build.0 = Release|x86
		{3A18D9D4-4C8B-4083-A427-A244077ED685}.Release|Xbox 360.ActiveCfg = Release|x86
		{3A18D9D4-4C8B-4083-A427-A244077ED685}.Release|Zune.ActiveCfg = Release|x86
		{2D0F6FF5-5424-417A-A215-A4B6FBB45AE7}.Debug|Any CPU.ActiveCfg = Debug|x86
		{2D0F6FF5-5424-417A-A215-A4B6FBB45AE7}.Debug|Mixed Platforms.ActiveCfg = Debug|x86
		{2D0F6FF5-5424-417A-A215-A4B6FBB45AE7}.Debug|Mixed Platforms.Build.0 = Debug|x86
		{2D0F6FF5-5424-417A-A215-A4B6FBB45AE7}.Debug|x86.ActiveCfg = Debug|x86
		{2D0F6FF5-5424-417A-A215-A4B6FBB45AE7}.Debug|x86.Build.0 = Debug|x86
		{2D0F6FF5-5424-417A-A215-A4B6FBB45AE7}.Debug|Xbox 360.ActiveCfg = Debug|x86
		{2D0F6FF5-5424-417A-A215-A4B6FBB45AE7}.Debug|Zune.ActiveCfg = Debug|x86
		{2D0F6FF5-5424-417A-A215-A4B6FBB45AE7}.Debug360|Any CPU.ActiveCfg = Debug|x86
		{2D0F6FF5-5424-417A-A215-A4B6FBB45AE7}.Debug360|Mixed Platforms.ActiveCfg = Debug|x86
		{2D0F6FF5-5424-417A-A215-A4B6FBB45AE7}.Debug360|Mixed Platforms.Build.0 = Debug|x86
		{2D0F6FF5-5424-417A-A215-A4B6FBB45AE7}.Debug360|x86.ActiveCfg = Debug|x86
		{2D0F6FF5-5424-417A-A215-A4B6FBB45AE7}.Debug360|x86.Build.0 = Debug|x86
		{2D0F6FF5-5424-417A-A215-A4B6FBB45AE7}.Debug360|Xbox 360.ActiveCfg = Debug|x86
		{2D0F6FF5-5424-417A-A215-A4B6FBB45AE7}.Debug360|Zune.ActiveCfg = Debug|x86
		{2D0F6FF5-5424-417A-A215-A4B6FBB45AE7}.DebugZune|Any CPU.ActiveCfg = Debug|x86
		{2D0F6FF5-5424-417A-A215-A4B6FBB45AE7}.DebugZune|Mixed Platforms.ActiveCfg = Debug|x86
		{2D0F6FF5-5424-417A-A215-A4B6FBB45AE7}.DebugZune|Mixed Platforms.Build.0 = Debug|x86
		{2D0F6FF5-5424-417A-A215-A4B6FBB45AE7}.DebugZune|x86.ActiveCfg = Debug|x86
		{2D0F6FF5-5424-417A-A215-A4B6FBB45AE7}.DebugZune|x86.Build.0 = Debug|x86
		{2D0F6FF5-5424-417A-A215-A4B6FBB45AE7}.DebugZune|Xbox 360.ActiveCfg = Debug|x86
		{2D0F6FF5-5424-417A-A215-A4B6FBB45AE7}.DebugZune|Zune.ActiveCfg = Debug|x86
		{2D0F6FF5-5424-417A-A215-A4B6FBB45AE7}.Release|Any CPU.ActiveCfg = Release|x86
		{2D0F6FF5-5424-417A-A215-A4B6FBB45AE7}.Release|Mixed Platforms.ActiveCfg = Release|x86
		{2D0F6FF5-5424-417A-A215-A4B6FBB45AE7}.Release|Mixed Platforms.Build.0 = Release|x86
		{2D0F6FF5-5424-417A-A215-A4B6FBB45AE7}.Release|x86.ActiveCfg = Release|x86
		{2D0F6FF5-5424-417A-A215-A4B6FBB45AE7}.Release|x86.Build.0 = Release|x86
		{2D0F6FF5-5424-417A-A215-A4B6FBB45AE7}.Release|Xbox 360.ActiveCfg = Release|x86
		{2D0F6FF5-5424-417A-A215-A4B6FBB45AE7}.Release|Zune.ActiveCfg = Release|x86
		{6C8F106D-0C81-44E0-A747-DDFAE2345432}.Debug|Any CPU.ActiveCfg = Debug|Zune
		{6C8F106D-0C81-44E0-A747-DDFAE2345432}.Debug|Mixed Platforms.ActiveCfg = Debug|x86
		{6C8F106D-0C81-44E0-A747-DDFAE2345432}.Debug|Mixed Platforms.Build.0 = Debug|x86
		{6C8F106D-0C81-44E0-A747-DDFAE2345432}.Debug|x86.ActiveCfg = Debug|x86
		{6C8F106D-0C81-44E0-A747-DDFAE2345432}.Debug|x86.Build.0 = Debug|x86
		{6C8F106D-0C81-44E0-A747-DDFAE2345432}.Debug|Xbox 360.ActiveCfg = Debug|Xbox 360
		{6C8F106D-0C81-44E0-A747-DDFAE2345432}.Debug|Xbox 360.Build.0 = Debug|Xbox 360
		{6C8F106D-0C81-44E0-A747-DDFAE2345432}.Debug|Zune.ActiveCfg = Debug|Zune
		{6C8F106D-0C81-44E0-A747-DDFAE2345432}.Debug|Zune.Build.0 = Debug|Zune
		{6C8F106D-0C81-44E0-A747-DDFAE2345432}.Debug360|Any CPU.ActiveCfg = Debug|Zune
		{6C8F106D-0C81-44E0-A747-DDFAE2345432}.Debug360|Mixed Platforms.ActiveCfg = Debug|x86
		{6C8F106D-0C81-44E0-A747-DDFAE2345432}.Debug360|Mixed Platforms.Build.0 = Debug|x86
		{6C8F106D-0C81-44E0-A747-DDFAE2345432}.Debug360|x86.ActiveCfg = Debug|Zune
		{6C8F106D-0C81-44E0-A747-DDFAE2345432}.Debug360|Xbox 360.ActiveCfg = Debug|Zune
		{6C8F106D-0C81-44E0-A747-DDFAE2345432}.Debug360|Zune.ActiveCfg = Debug|Zune
		{6C8F106D-0C81-44E0-A747-DDFAE2345432}.Debug360|Zune.Build.0 = Debug|Zune
		{6C8F106D-0C81-44E0-A747-DDFAE2345432}.DebugZune|Any CPU.ActiveCfg = Debug|Zune
		{6C8F106D-0C81-44E0-A747-DDFAE2345432}.DebugZune|Mixed Platforms.ActiveCfg = Debug|x86
		{6C8F106D-0C81-44E0-A747-DDFAE2345432}.DebugZune|Mixed Platforms.Build.0 = Debug|x86
		{6C8F106D-0C81-44E0-A747-DDFAE2345432}.DebugZune|x86.ActiveCfg = Debug|Zune
		{6C8F106D-0C81-44E0-A747-DDFAE2345432}.DebugZune|Xbox 360.ActiveCfg = Debug|Zune
		{6C8F106D-0C81-44E0-A747-DDFAE2345432}.DebugZune|Zune.ActiveCfg = Debug|Zune
		{6C8F106D-0C81-44E0-A747-DDFAE2345432}.DebugZune|Zune.Build.0 = Debug|Zune
		{6C8F106D-0C81-44E0-A747-DDFAE2345432}.Release|Any CPU.ActiveCfg = Release|Zune
		{6C8F106D-0C81-44E0-A747-DDFAE2345432}.Release|Mixed Platforms.ActiveCfg = Release|Zune
		{6C8F106D-0C81-44E0-A747-DDFAE2345432}.Release|Mixed Platforms.Build.0 = Release|Zune
		{6C8F106D-0C81-44E0-A747-DDFAE2345432}.Release|x86.ActiveCfg = Release|x86
		{6C8F106D-0C81-44E0-A747-DDFAE2345432}.Release|x86.Build.0 = Release|x86
		{6C8F106D-0C81-44E0-A747-DDFAE2345432}.Release|Xbox 360.ActiveCfg = Release|Xbox 360
		{6C8F106D-0C81-44E0-A747-DDFAE2345432}.Release|Xbox 360.Build.0 = Release|Xbox 360
		{6C8F106D-0C81-44E0-A747-DDFAE2345432}.Release|Zune.ActiveCfg = Release|Zune
		{6C8F106D-0C81-44E0-A747-DDFAE2345432}.Release|Zune.Build.0 = Release|Zune
		{0DB3B5F0-1519-42CA-93D0-0F7D24364A66}.Debug|Any CPU.ActiveCfg = Debug|x86
		{0DB3B5F0-1519-42CA-93D0-0F7D24364A66}.Debug|Mixed Platforms.ActiveCfg = Debug|x86
		{0DB3B5F0-1519-42CA-93D0-0F7D24364A66}.Debug|Mixed Platforms.Build.0 = Debug|x86
		{0DB3B5F0-1519-42CA-93D0-0F7D24364A66}.Debug|x86.ActiveCfg = Debug|x86
		{0DB3B5F0-1519-42CA-93D0-0F7D24364A66}.Debug|x86.Build.0 = Debug|x86
		{0DB3B5F0-1519-42CA-93D0-0F7D24364A66}.Debug|Xbox 360.ActiveCfg = Debug|x86
		{0DB3B5F0-1519-42CA-93D0-0F7D24364A66}.Debug|Zune.ActiveCfg = Debug|x86
		{0DB3B5F0-1519-42CA-93D0-0F7D24364A66}.Debug360|Any CPU.ActiveCfg = Debug|x86
		{0DB3B5F0-1519-42CA-93D0-0F7D24364A66}.Debug360|Mixed Platforms.ActiveCfg = Debug|x86
		{0DB3B5F0-1519-42CA-93D0-0F7D24364A66}.Debug360|Mixed Platforms.Build.0 = Debug|x86
		{0DB3B5F0-1519-42CA-93D0-0F7D24364A66}.Debug360|x86.ActiveCfg = Debug|x86
		{0DB3B5F0-1519-42CA-93D0-0F7D24364A66}.Debug360|x86.Build.0 = Debug|x86
		{0DB3B5F0-1519-42CA-93D0-0F7D24364A66}.Debug360|Xbox 360.ActiveCfg = Debug|x86
		{0DB3B5F0-1519-42CA-93D0-0F7D24364A66}.Debug360|Zune.ActiveCfg = Debug|x86
		{0DB3B5F0-1519-42CA-93D0-0F7D24364A66}.DebugZune|Any CPU.ActiveCfg = Debug|x86
		{0DB3B5F0-1519-42CA-93D0-0F7D24364A66}.DebugZune|Mixed Platforms.ActiveCfg = Debug|x86
		{0DB3B5F0-1519-42CA-93D0-0F7D24364A66}.DebugZune|Mixed Platforms.Build.0 = Debug|x86
		{0DB3B5F0-1519-42CA-93D0-0F7D24364A66}.DebugZune|x86.ActiveCfg = Debug|x86
		{0DB3B5F0-1519-42CA-93D0-0F7D24364A66}.DebugZune|x86.Build.0 = Debug|x86
		{0DB3B5F0-1519-42CA-93D0-0F7D24364A66}.DebugZune|Xbox 360.ActiveCfg = Debug|x86
		{0DB3B5F0-1519-42CA-93D0-0F7D24364A66}.DebugZune|Zune.ActiveCfg = Debug|x86
		{0DB3B5F0-1519-42CA-93D0-0F7D24364A66}.Release|Any CPU.ActiveCfg = Release|x86
		{0DB3B5F0-1519-42CA-93D0-0F7D24364A66}.Release|Mixed Platforms.ActiveCfg = Release|x86
		{0DB3B5F0-1519-42CA-93D0-0F7D24364A66}.Release|Mixed Platforms.Build.0 = Release|x86
		{0DB3B5F0-1519-42CA-93D0-0F7D24364A66}.Release|x86.ActiveCfg = Release|x86
		{0DB3B5F0-1519-42CA-93D0-0F7D24364A66}.Release|x86.Build.0 = Release|x86
		{0DB3B5F0-1519-42CA-93D0-0F7D24364A66}.Release|Xbox 360.ActiveCfg = Release|x86
		{0DB3B5F0-1519-42CA-93D0-0F7D24364A66}.Release|Zune.ActiveCfg = Release|x86
		{7C67E800-D2BF-4FE7-B0CB-88FD1F241485}.Debug|Any CPU.ActiveCfg = Debug|Xbox 360
		{7C67E800-D2BF-4FE7-B0CB-88FD1F241485}.Debug|Mixed Platforms.ActiveCfg = Debug|Xbox 360
		{7C67E800-D2BF-4FE7-B0CB-88FD1F241485}.Debug|x86.ActiveCfg = Debug|Xbox 360
		{7C67E800-D2BF-4FE7-B0CB-88FD1F241485}.Debug|Xbox 360.ActiveCfg = Debug|Xbox 360
		{7C67E800-D2BF-4FE7-B0CB-88FD1F241485}.Debug|Xbox 360.Build.0 = Debug|Xbox 360
		{7C67E800-D2BF-4FE7-B0CB-88FD1F241485}.Debug|Zune.ActiveCfg = Debug|Xbox 360
		{7C67E800-D2BF-4FE7-B0CB-88FD1F241485}.Debug360|Any CPU.ActiveCfg = Debug|Xbox 360
		{7C67E800-D2BF-4FE7-B0CB-88FD1F241485}.Debug360|Mixed Platforms.ActiveCfg = Debug|Xbox 360
		{7C67E800-D2BF-4FE7-B0CB-88FD1F241485}.Debug360|Mixed Platforms.Build.0 = Debug|Xbox 360
		{7C67E800-D2BF-4FE7-B0CB-88FD1F241485}.Debug360|x86.ActiveCfg = Debug|Xbox 360
		{7C67E800-D2BF-4FE7-B0CB-88FD1F241485}.Debug360|Xbox 360.ActiveCfg = Debug|Xbox 360
		{7C67E800-D2BF-4FE7-B0CB-88FD1F241485}.Debug360|Xbox 360.Build.0 = Debug|Xbox 360
		{7C67E800-D2BF-4FE7-B0CB-88FD1F241485}.Debug360|Zune.ActiveCfg = Debug|Xbox 360
		{7C67E800-D2BF-4FE7-B0CB-88FD1F241485}.DebugZune|Any CPU.ActiveCfg = Debug|Xbox 360
		{7C67E800-D2BF-4FE7-B0CB-88FD1F241485}.DebugZune|Mixed Platforms.ActiveCfg = Debug|Xbox 360
		{7C67E800-D2BF-4FE7-B0CB-88FD1F241485}.DebugZune|Mixed Platforms.Build.0 = Debug|Xbox 360
		{7C67E800-D2BF-4FE7-B0CB-88FD1F241485}.DebugZune|x86.ActiveCfg = Debug|Xbox 360
		{7C67E800-D2BF-4FE7-B0CB-88FD1F241485}.DebugZune|Xbox 360.ActiveCfg = Debug|Xbox 360
		{7C67E800-D2BF-4FE7-B0CB-88FD1F241485}.DebugZune|Xbox 360.Build.0 = Debug|Xbox 360
		{7C67E800-D2BF-4FE7-B0CB-88FD1F241485}.DebugZune|Zune.ActiveCfg = Debug|Xbox 360
		{7C67E800-D2BF-4FE7-B0CB-88FD1F241485}.Release|Any CPU.ActiveCfg = Release|Xbox 360
		{7C67E800-D2BF-4FE7-B0CB-88FD1F241485}.Release|Mixed Platforms.ActiveCfg = Release|Xbox 360
		{7C67E800-D2BF-4FE7-B0CB-88FD1F241485}.Release|Mixed Platforms.Build.0 = Release|Xbox 360
		{7C67E800-D2BF-4FE7-B0CB-88FD1F241485}.Release|x86.ActiveCfg = Release|Xbox 360
		{7C67E800-D2BF-4FE7-B0CB-88FD1F241485}.Release|Xbox 360.ActiveCfg = Release|Xbox 360
		{7C67E800-D2BF-4FE7-B0CB-88FD1F241485}.Release|Xbox 360.Build.0 = Release|Xbox 360
		{7C67E800-D2BF-4FE7-B0CB-88FD1F241485}.Release|Zune.ActiveCfg = Release|Xbox 360
		{58D60196-7497-4BB3-AB65-A72C2B5130DD}.Debug|Any CPU.ActiveCfg = Debug|Xbox 360
		{58D60196-7497-4BB3-AB65-A72C2B5130DD}.Debug|Mixed Platforms.ActiveCfg = Debug|Xbox 360
		{58D60196-7497-4BB3-AB65-A72C2B5130DD}.Debug|x86.ActiveCfg = Debug|Xbox 360
		{58D60196-7497-4BB3-AB65-A72C2B5130DD}.Debug|Xbox 360.ActiveCfg = Debug|Xbox 360
		{58D60196-7497-4BB3-AB65-A72C2B5130DD}.Debug|Xbox 360.Build.0 = Debug|Xbox 360
		{58D60196-7497-4BB3-AB65-A72C2B5130DD}.Debug|Xbox 360.Deploy.0 = Debug|Xbox 360
		{58D60196-7497-4BB3-AB65-A72C2B5130DD}.Debug|Zune.ActiveCfg = Debug|Xbox 360
		{58D60196-7497-4BB3-AB65-A72C2B5130DD}.Debug360|Any CPU.ActiveCfg = Debug|Xbox 360
		{58D60196-7497-4BB3-AB65-A72C2B5130DD}.Debug360|Mixed Platforms.ActiveCfg = Debug|Xbox 360
		{58D60196-7497-4BB3-AB65-A72C2B5130DD}.Debug360|Mixed Platforms.Build.0 = Debug|Xbox 360
		{58D60196-7497-4BB3-AB65-A72C2B5130DD}.Debug360|Mixed Platforms.Deploy.0 = Debug|Xbox 360
		{58D60196-7497-4BB3-AB65-A72C2B5130DD}.Debug360|x86.ActiveCfg = Debug|Xbox 360
		{58D60196-7497-4BB3-AB65-A72C2B5130DD}.Debug360|Xbox 360.ActiveCfg = Debug|Xbox 360
		{58D60196-7497-4BB3-AB65-A72C2B5130DD}.Debug360|Xbox 360.Build.0 = Debug|Xbox 360
		{58D60196-7497-4BB3-AB65-A72C2B5130DD}.Debug360|Xbox 360.Deploy.0 = Debug|Xbox 360
		{58D60196-7497-4BB3-AB65-A72C2B5130DD}.Debug360|Zune.ActiveCfg = Debug|Xbox 360
		{58D60196-7497-4BB3-AB65-A72C2B5130DD}.DebugZune|Any CPU.ActiveCfg = Debug|Xbox 360
		{58D60196-7497-4BB3-AB65-A72C2B5130DD}.DebugZune|Mixed Platforms.ActiveCfg = Debug|Xbox 360
		{58D60196-7497-4BB3-AB65-A72C2B5130DD}.DebugZune|Mixed Platforms.Build.0 = Debug|Xbox 360
		{58D60196-7497-4BB3-AB65-A72C2B5130DD}.DebugZune|x86.ActiveCfg = Debug|Xbox 360
		{58D60196-7497-4BB3-AB65-A72C2B5130DD}.DebugZune|Xbox 360.ActiveCfg = Debug|Xbox 360
		{58D60196-7497-4BB3-AB65-A72C2B5130DD}.DebugZune|Xbox 360.Build.0 = Debug|Xbox 360
		{58D60196-7497-4BB3-AB65-A72C2B5130DD}.DebugZune|Xbox 360.Deploy.0 = Debug|Xbox 360
		{58D60196-7497-4BB3-AB65-A72C2B5130DD}.DebugZune|Zune.ActiveCfg = Debug|Xbox 360
		{58D60196-7497-4BB3-AB65-A72C2B5130DD}.Release|Any CPU.ActiveCfg = Release|Xbox 360
		{58D60196-7497-4BB3-AB65-A72C2B5130DD}.Release|Mixed Platforms.ActiveCfg = Release|Xbox 360
		{58D60196-7497-4BB3-AB65-A72C2B5130DD}.Release|Mixed Platforms.Build.0 = Release|Xbox 360
		{58D60196-7497-4BB3-AB65-A72C2B5130DD}.Release|Mixed Platforms.Deploy.0 = Release|Xbox 360
		{58D60196-7497-4BB3-AB65-A72C2B5130DD}.Release|x86.ActiveCfg = Release|Xbox 360
		{58D60196-7497-4BB3-AB65-A72C2B5130DD}.Release|Xbox 360.ActiveCfg = Release|Xbox 360
		{58D60196-7497-4BB3-AB65-A72C2B5130DD}.Release|Xbox 360.Build.0 = Release|Xbox 360
		{58D60196-7497-4BB3-AB65-A72C2B5130DD}.Release|Xbox 360.Deploy.0 = Release|Xbox 360
		{58D60196-7497-4BB3-AB65-A72C2B5130DD}.Release|Zune.ActiveCfg = Release|Xbox 360
		{9A87EE54-791A-4040-86CC-562B606C3A97}.Debug|Any CPU.ActiveCfg = Debug|x86
		{9A87EE54-791A-4040-86CC-562B606C3A97}.Debug|Mixed Platforms.ActiveCfg = Debug|x86
		{9A87EE54-791A-4040-86CC-562B606C3A97}.Debug|Mixed Platforms.Build.0 = Debug|x86
		{9A87EE54-791A-4040-86CC-562B606C3A97}.Debug|x86.ActiveCfg = Debug|x86
		{9A87EE54-791A-4040-86CC-562B606C3A97}.Debug|x86.Build.0 = Debug|x86
		{9A87EE54-791A-4040-86CC-562B606C3A97}.Debug|Xbox 360.ActiveCfg = Debug|x86
		{9A87EE54-791A-4040-86CC-562B606C3A97}.Debug|Zune.ActiveCfg = Debug|x86
		{9A87EE54-791A-4040-86CC-562B606C3A97}.Debug360|Any CPU.ActiveCfg = Debug|x86
		{9A87EE54-791A-4040-86CC-562B606C3A97}.Debug360|Mixed Platforms.ActiveCfg = Debug|x86
		{9A87EE54-791A-4040-86CC-562B606C3A97}.Debug360|Mixed Platforms.Build.0 = Debug|x86
		{9A87EE54-791A-4040-86CC-562B606C3A97}.Debug360|x86.ActiveCfg = Debug|x86
		{9A87EE54-791A-4040-86CC-562B606C3A97}.Debug360|x86.Build.0 = Debug|x86
		{9A87EE54-791A-4040-86CC-562B606C3A97}.Debug360|Xbox 360.ActiveCfg = Debug|x86
		{9A87EE54-791A-4040-86CC-562B606C3A97}.Debug360|Zune.ActiveCfg = Debug|x86
		{9A87EE54-791A-4040-86CC-562B606C3A97}.DebugZune|Any CPU.ActiveCfg = Debug|x86
		{9A87EE54-791A-4040-86CC-562B606C3A97}.DebugZune|Mixed Platforms.ActiveCfg = Debug|x86
		{9A87EE54-791A-4040-86CC-562B606C3A97}.DebugZune|Mixed Platforms.Build.0 = Debug|x86
		{9A87EE54-791A-4040-86CC-562B606C3A97}.DebugZune|x86.ActiveCfg = Debug|x86
		{9A87EE54-791A-4040-86CC-562B606C3A97}.DebugZune|x86.Build.0 = Debug|x86
		{9A87EE54-791A-4040-86CC-562B606C3A97}.DebugZune|Xbox 360.ActiveCfg = Debug|x86
		{9A87EE54-791A-4040-86CC-562B606C3A97}.DebugZune|Zune.ActiveCfg = Debug|x86
		{9A87EE54-791A-4040-86CC-562B606C3A97}.Release|Any CPU.ActiveCfg = Release|x86
		{9A87EE54-791A-4040-86CC-562B606C3A97}.Release|Mixed Platforms.ActiveCfg = Release|x86
		{9A87EE54-791A-4040-86CC-562B606C3A97}.Release|Mixed Platforms.Build.0 = Release|x86
		{9A87EE54-791A-4040-86CC-562B606C3A97}.Release|x86.ActiveCfg = Release|x86
		{9A87EE54-791A-4040-86CC-562B606C3A97}.Release|x86.Build.0 = Release|x86
		{9A87EE54-791A-4040-86CC-562B606C3A97}.Release|Xbox 360.ActiveCfg = Release|x86
		{9A87EE54-791A-4040-86CC-562B606C3A97}.Release|Zune.ActiveCfg = Release|x86
		{8C90B263-BD96-4668-9C68-50EC9A482D6F}.Debug|Any CPU.ActiveCfg = Debug|x86
		{8C90B263-BD96-4668-9C68-50EC9A482D6F}.Debug|Mixed Platforms.ActiveCfg = Debug|x86
		{8C90B263-BD96-4668-9C68-50EC9A482D6F}.Debug|x86.ActiveCfg = Debug|x86
		{8C90B263-BD96-4668-9C68-50EC9A482D6F}.Debug|Xbox 360.ActiveCfg = Debug|x86
		{8C90B263-BD96-4668-9C68-50EC9A482D6F}.Debug|Zune.ActiveCfg = Debug|x86
		{8C90B263-BD96-4668-9C68-50EC9A482D6F}.Debug360|Any CPU.ActiveCfg = Debug360|x86
		{8C90B263-BD96-4668-9C68-50EC9A482D6F}.Debug360|Mixed Platforms.ActiveCfg = Debug360|x86
		{8C90B263-BD96-4668-9C68-50EC9A482D6F}.Debug360|x86.ActiveCfg = Debug360|x86
		{8C90B263-BD96-4668-9C68-50EC9A482D6F}.Debug360|Xbox 360.ActiveCfg = Debug360|x86
		{8C90B263-BD96-4668-9C68-50EC9A482D6F}.Debug360|Zune.ActiveCfg = Debug360|x86
		{8C90B263-BD96-4668-9C68-50EC9A482D6F}.DebugZune|Any CPU.ActiveCfg = Debug360|x86
		{8C90B263-BD96-4668-9C68-50EC9A482D6F}.DebugZune|Mixed Platforms.ActiveCfg = Debug360|x86
		{8C90B263-BD96-4668-9C68-50EC9A482D6F}.DebugZune|x86.ActiveCfg = Debug360|x86
		{8C90B263-BD96-4668-9C68-50EC9A482D6F}.DebugZune|Xbox 360.ActiveCfg = Debug360|x86
		{8C90B263-BD96-4668-9C68-50EC9A482D6F}.DebugZune|Zune.ActiveCfg = Debug360|x86
		{8C90B263-BD96-4668-9C68-50EC9A482D6F}.Release|Any CPU.ActiveCfg = Release|x86
		{8C90B263-BD96-4668-9C68-50EC9A482D6F}.Release|Mixed Platforms.ActiveCfg = Release|x86
		{8C90B263-BD96-4668-9C68-50EC9A482D6F}.Release|x86.ActiveCfg = Release|x86
		{8C90B263-BD96-4668-9C68-50EC9A482D6F}.Release|Xbox 360.ActiveCfg = Release|x86
		{8C90B263-BD96-4668-9C68-50EC9A482D6F}.Release|Zune.ActiveCfg = Release|x86
		{C1C81FC2-84BE-4076-BF18-408AF4A67FBB}.Debug|Any CPU.ActiveCfg = Debug|x86
		{C1C81FC2-84BE-4076-BF18-408AF4A67FBB}.Debug|Mixed Platforms.ActiveCfg = Debug|x86
		{C1C81FC2-84BE-4076-BF18-408AF4A67FBB}.Debug|x86.ActiveCfg = Debug|x86
		{C1C81FC2-84BE-4076-BF18-408AF4A67FBB}.Debug|Xbox 360.ActiveCfg = Debug|x86
		{C1C81FC2-84BE-4076-BF18-408AF4A67FBB}.Debug|Zune.ActiveCfg = Debug|x86
		{C1C81FC2-84BE-4076-BF18-408AF4A67FBB}.Debug360|Any CPU.ActiveCfg = Debug360|x86
		{C1C81FC2-84BE-4076-BF18-408AF4A67FBB}.Debug360|Mixed Platforms.ActiveCfg = Debug360|x86
		{C1C81FC2-84BE-4076-BF18-408AF4A67FBB}.Debug360|x86.ActiveCfg = Debug360|x86
		{C1C81FC2-84BE-4076-BF18-408AF4A67FBB}.Debug360|Xbox 360.ActiveCfg = Debug360|x86
		{C1C81FC2-84BE-4076-BF18-408AF4A67FBB}.Debug360|Zune.ActiveCfg = Debug360|x86
		{C1C81FC2-84BE-4076-BF18-408AF4A67FBB}.DebugZune|Any CPU.ActiveCfg = Debug360|x86
		{C1C81FC2-84BE-4076-BF18-408AF4A67FBB}.DebugZune|Mixed Platforms.ActiveCfg = Debug360|x86
		{C1C81FC2-84BE-4076-BF18-408AF4A67FBB}.DebugZune|x86.ActiveCfg = Debug360|x86
		{C1C81FC2-84BE-4076-BF18-408AF4A67FBB}.DebugZune|Xbox 360.ActiveCfg = Debug360|x86
		{C1C81FC2-84BE-4076-BF18-408AF4A67FBB}.DebugZune|Zune.ActiveCfg = Debug360|x86
		{C1C81FC2-84BE-4076-BF18-408AF4A67FBB}.Release|Any CPU.ActiveCfg = Release|x86
		{C1C81FC2-84BE-4076-BF18-408AF4A67FBB}.Release|Mixed Platforms.ActiveCfg = Release|x86
		{C1C81FC2-84BE-4076-BF18-408AF4A67FBB}.Release|x86.ActiveCfg = Release|x86
		{C1C81FC2-84BE-4076-BF18-408AF4A67FBB}.Release|Xbox 360.ActiveCfg = Release|x86
		{C1C81FC2-84BE-4076-BF18-408AF4A67FBB}.Release|Zune.ActiveCfg = Release|x86
		{9573BFCA-CEB3-4F59-B197-3CF9E62B155B}.Debug|Any CPU.ActiveCfg = Debug|Xbox 360
		{9573BFCA-CEB3-4F59-B197-3CF9E62B155B}.Debug|Mixed Platforms.ActiveCfg = Debug|Xbox 360
		{9573BFCA-CEB3-4F59-B197-3CF9E62B155B}.Debug|x86.ActiveCfg = Debug|Xbox 360
		{9573BFCA-CEB3-4F59-B197-3CF9E62B155B}.Debug|Xbox 360.ActiveCfg = Debug|Xbox 360
		{9573BFCA-CEB3-4F59-B197-3CF9E62B155B}.Debug|Zune.ActiveCfg = Debug|Xbox 360
		{9573BFCA-CEB3-4F59-B197-3CF9E62B155B}.Debug360|Any CPU.ActiveCfg = Debug360|Xbox 360
		{9573BFCA-CEB3-4F59-B197-3CF9E62B155B}.Debug360|Mixed Platforms.ActiveCfg = Debug360|Xbox 360
		{9573BFCA-CEB3-4F59-B197-3CF9E62B155B}.Debug360|x86.ActiveCfg = Debug360|Xbox 360
		{9573BFCA-CEB3-4F59-B197-3CF9E62B155B}.Debug360|Xbox 360.ActiveCfg = Debug360|Xbox 360
		{9573BFCA-CEB3-4F59-B197-3CF9E62B155B}.Debug360|Zune.ActiveCfg = Debug360|Xbox 360
		{9573BFCA-CEB3-4F59-B197-3CF9E62B155B}.DebugZune|Any CPU.ActiveCfg = Debug360|Xbox 360
		{9573BFCA-CEB3-4F59-B197-3CF9E62B155B}.DebugZune|Mixed Platforms.ActiveCfg = Debug360|Xbox 360
		{9573BFCA-CEB3-4F59-B197-3CF9E62B155B}.DebugZune|x86.ActiveCfg = Debug360|Xbox 360
		{9573BFCA-CEB3-4F59-B197-3CF9E62B155B}.DebugZune|Xbox 360.ActiveCfg = Debug360|Xbox 360
		{9573BFCA-CEB3-4F59-B197-3CF9E62B155B}.DebugZune|Zune.ActiveCfg = Debug360|Xbox 360
		{9573BFCA-CEB3-4F59-B197-3CF9E62B155B}.Release|Any CPU.ActiveCfg = Release|Xbox 360
		{9573BFCA-CEB3-4F59-B197-3CF9E62B155B}.Release|Mixed Platforms.ActiveCfg = Release|Xbox 360
		{9573BFCA-CEB3-4F59-B197-3CF9E62B155B}.Release|x86.ActiveCfg = Release|Xbox 360
		{9573BFCA-CEB3-4F59-B197-3CF9E62B155B}.Release|Xbox 360.ActiveCfg = Release|Xbox 360
		{9573BFCA-CEB3-4F59-B197-3CF9E62B155B}.Release|Zune.ActiveCfg = Release|Xbox 360
		{586EC33F-821A-4160-9FF0-EF3DAE392211}.Debug|Any CPU.ActiveCfg = Debug|x86
		{586EC33F-821A-4160-9FF0-EF3DAE392211}.Debug|Mixed Platforms.ActiveCfg = Debug|x86
		{586EC33F-821A-4160-9FF0-EF3DAE392211}.Debug|x86.ActiveCfg = Debug|x86
		{586EC33F-821A-4160-9FF0-EF3DAE392211}.Debug|Xbox 360.ActiveCfg = Debug|x86
		{586EC33F-821A-4160-9FF0-EF3DAE392211}.Debug|Zune.ActiveCfg = Debug|x86
		{586EC33F-821A-4160-9FF0-EF3DAE392211}.Debug360|Any CPU.ActiveCfg = Debug|x86
		{586EC33F-821A-4160-9FF0-EF3DAE392211}.Debug360|Mixed Platforms.ActiveCfg = Debug|x86
		{586EC33F-821A-4160-9FF0-EF3DAE392211}.Debug360|x86.ActiveCfg = Debug|x86
		{586EC33F-821A-4160-9FF0-EF3DAE392211}.Debug360|Xbox 360.ActiveCfg = Debug|x86
		{586EC33F-821A-4160-9FF0-EF3DAE392211}.Debug360|Zune.ActiveCfg = Debug|x86
		{586EC33F-821A-4160-9FF0-EF3DAE392211}.DebugZune|Any CPU.ActiveCfg = Debug|x86
		{586EC33F-821A-4160-9FF0-EF3DAE392211}.DebugZune|Mixed Platforms.ActiveCfg = Debug|x86
		{586EC33F-821A-4160-9FF0-EF3DAE392211}.DebugZune|x86.ActiveCfg = Debug|x86
		{586EC33F-821A-4160-9FF0-EF3DAE392211}.DebugZune|Xbox 360.ActiveCfg = Debug|x86
		{586EC33F-821A-4160-9FF0-EF3DAE392211}.DebugZune|Zune.ActiveCfg = Debug|x86
		{586EC33F-821A-4160-9FF0-EF3DAE392211}.Release|Any CPU.ActiveCfg = Release|x86
		{586EC33F-821A-4160-9FF0-EF3DAE392211}.Release|Mixed Platforms.ActiveCfg = Release|x86
		{586EC33F-821A-4160-9FF0-EF3DAE392211}.Release|x86.ActiveCfg = Release|x86
		{586EC33F-821A-4160-9FF0-EF3DAE392211}.Release|Xbox 360.ActiveCfg = Release|x86
		{586EC33F-821A-4160-9FF0-EF3DAE392211}.Release|Zune.ActiveCfg = Release|x86
		{43E7EAD3-FAF2-4E3D-8B71-0CD1B18DB65F}.Debug|Any CPU.ActiveCfg = Debug|x86
		{43E7EAD3-FAF2-4E3D-8B71-0CD1B18DB65F}.Debug|Mixed Platforms.ActiveCfg = Debug|x86
		{43E7EAD3-FAF2-4E3D-8B71-0CD1B18DB65F}.Debug|x86.ActiveCfg = Debug|x86
		{43E7EAD3-FAF2-4E3D-8B71-0CD1B18DB65F}.Debug|Xbox 360.ActiveCfg = Debug|x86
		{43E7EAD3-FAF2-4E3D-8B71-0CD1B18DB65F}.Debug|Zune.ActiveCfg = Debug|x86
		{43E7EAD3-FAF2-4E3D-8B71-0CD1B18DB65F}.Debug360|Any CPU.ActiveCfg = Debug|x86
		{43E7EAD3-FAF2-4E3D-8B71-0CD1B18DB65F}.Debug360|Mixed Platforms.ActiveCfg = Debug|x86
		{43E7EAD3-FAF2-4E3D-8B71-0CD1B18DB65F}.Debug360|x86.ActiveCfg = Debug|x86
		{43E7EAD3-FAF2-4E3D-8B71-0CD1B18DB65F}.Debug360|Xbox 360.ActiveCfg = Debug|x86
		{43E7EAD3-FAF2-4E3D-8B71-0CD1B18DB65F}.Debug360|Zune.ActiveCfg = Debug|x86
		{43E7EAD3-FAF2-4E3D-8B71-0CD1B18DB65F}.DebugZune|Any CPU.ActiveCfg = Debug|x86
		{43E7EAD3-FAF2-4E3D-8B71-0CD1B18DB65F}.DebugZune|Mixed Platforms.ActiveCfg = Debug|x86
		{43E7EAD3-FAF2-4E3D-8B71-0CD1B18DB65F}.DebugZune|x86.ActiveCfg = Debug|x86
		{43E7EAD3-FAF2-4E3D-8B71-0CD1B18DB65F}.DebugZune|Xbox 360.ActiveCfg = Debug|x86
		{43E7EAD3-FAF2-4E3D-8B71-0CD1B18DB65F}.DebugZune|Zune.ActiveCfg = Debug|x86
		{43E7EAD3-FAF2-4E3D-8B71-0CD1B18DB65F}.Release|Any CPU.ActiveCfg = Release|x86
		{43E7EAD3-FAF2-4E3D-8B71-0CD1B18DB65F}.Release|Mixed Platforms.ActiveCfg = Release|x86
		{43E7EAD3-FAF2-4E3D-8B71-0CD1B18DB65F}.Release|x86.ActiveCfg = Release|x86
		{43E7EAD3-FAF2-4E3D-8B71-0CD1B18DB65F}.Release|Xbox 360.ActiveCfg = Release|x86
		{43E7EAD3-FAF2-4E3D-8B71-0CD1B18DB65F}.Release|Zune.ActiveCfg = Release|x86
		{88E62764-97AE-48DB-B470-75B6D46C48C3}.Debug|Any CPU.ActiveCfg = Debug|x86
		{88E62764-97AE-48DB-B470-75B6D46C48C3}.Debug|Mixed Platforms.ActiveCfg = Debug|x86
		{88E62764-97AE-48DB-B470-75B6D46C48C3}.Debug|x86.ActiveCfg = Debug|x86
		{88E62764-97AE-48DB-B470-75B6D46C48C3}.Debug|Xbox 360.ActiveCfg = Debug|x86
		{88E62764-97AE-48DB-B470-75B6D46C48C3}.Debug|Zune.ActiveCfg = Debug|x86
		{88E62764-97AE-48DB-B470-75B6D46C48C3}.Debug360|Any CPU.ActiveCfg = Debug|x86
		{88E62764-97AE-48DB-B470-75B6D46C48C3}.Debug360|Mixed Platforms.ActiveCfg = Debug|x86
		{88E62764-97AE-48DB-B470-75B6D46C48C3}.Debug360|x86.ActiveCfg = Debug|x86
		{88E62764-97AE-48DB-B470-75B6D46C48C3}.Debug360|Xbox 360.ActiveCfg = Debug|x86
		{88E62764-97AE-48DB-B470-75B6D46C48C3}.Debug360|Zune.ActiveCfg = Debug|x86
		{88E62764-97AE-48DB-B470-75B6D46C48C3}.DebugZune|Any CPU.ActiveCfg = Debug|x86
		{88E62764-97AE-48DB-B470-75B6D46C48C3}.DebugZune|Mixed Platforms.ActiveCfg = Debug|x86
		{88E62764-97AE-48DB-B470-75B6D46C48C3}.DebugZune|x86.ActiveCfg = Debug|x86
		{88E62764-97AE-48DB-B470-75B6D46C48C3}.DebugZune|Xbox 360.ActiveCfg = Debug|x86
		{88E62764-97AE-48DB-B470-75B6D46C48C3}.DebugZune|Zune.ActiveCfg = Debug|x86
		{88E62764-97AE-48DB-B470-75B6D46C48C3}.Release|Any CPU.ActiveCfg = Release|x86
		{88E62764-97AE-48DB-B470-75B6D46C48C3}.Release|Mixed Platforms.ActiveCfg = Release|x86
		{88E62764-97AE-48DB-B470-75B6D46C48C3}.Release|x86.ActiveCfg = Release|x86
		{88E62764-97AE-48DB-B470-75B6D46C48C3}.Release|Xbox 360.ActiveCfg = Release|x86
		{88E62764-97AE-48DB-B470-75B6D46C48C3}.Release|Zune.ActiveCfg = Release|x86
		{26B76FEB-7378-4B13-8255-ECEFAD02425E}.Debug|Any CPU.ActiveCfg = Debug|x86
		{26B76FEB-7378-4B13-8255-ECEFAD02425E}.Debug|Mixed Platforms.ActiveCfg = Debug|x86
		{26B76FEB-7378-4B13-8255-ECEFAD02425E}.Debug|x86.ActiveCfg = Debug|x86
		{26B76FEB-7378-4B13-8255-ECEFAD02425E}.Debug|Xbox 360.ActiveCfg = Debug|x86
		{26B76FEB-7378-4B13-8255-ECEFAD02425E}.Debug|Zune.ActiveCfg = Debug|x86
		{26B76FEB-7378-4B13-8255-ECEFAD02425E}.Debug360|Any CPU.ActiveCfg = Debug|x86
		{26B76FEB-7378-4B13-8255-ECEFAD02425E}.Debug360|Mixed Platforms.ActiveCfg = Debug|x86
		{26B76FEB-7378-4B13-8255-ECEFAD02425E}.Debug360|x86.ActiveCfg = Debug|x86
		{26B76FEB-7378-4B13-8255-ECEFAD02425E}.Debug360|Xbox 360.ActiveCfg = Debug|x86
		{26B76FEB-7378-4B13-8255-ECEFAD02425E}.Debug360|Zune.ActiveCfg = Debug|x86
		{26B76FEB-7378-4B13-8255-ECEFAD02425E}.DebugZune|Any CPU.ActiveCfg = Debug|x86
		{26B76FEB-7378-4B13-8255-ECEFAD02425E}.DebugZune|Mixed Platforms.ActiveCfg = Debug|x86
		{26B76FEB-7378-4B13-8255-ECEFAD02425E}.DebugZune|x86.ActiveCfg = Debug|x86
		{26B76FEB-7378-4B13-8255-ECEFAD02425E}.DebugZune|Xbox 360.ActiveCfg = Debug|x86
		{26B76FEB-7378-4B13-8255-ECEFAD02425E}.DebugZune|Zune.ActiveCfg = Debug|x86
		{26B76FEB-7378-4B13-8255-ECEFAD02425E}.Release|Any CPU.ActiveCfg = Release|x86
		{26B76FEB-7378-4B13-8255-ECEFAD02425E}.Release|Mixed Platforms.ActiveCfg = Release|x86
		{26B76FEB-7378-4B13-8255-ECEFAD02425E}.Release|x86.ActiveCfg = Release|x86
		{26B76FEB-7378-4B13-8255-ECEFAD02425E}.Release|Xbox 360.ActiveCfg = Release|x86
		{26B76FEB-7378-4B13-8255-ECEFAD02425E}.Release|Zune.ActiveCfg = Release|x86
		{431390CF-CB37-492D-8165-596CD441EB3D}.Debug|Any CPU.ActiveCfg = Debug|x86
		{431390CF-CB37-492D-8165-596CD441EB3D}.Debug|Mixed Platforms.ActiveCfg = Debug|x86
		{431390CF-CB37-492D-8165-596CD441EB3D}.Debug|x86.ActiveCfg = Debug|x86
		{431390CF-CB37-492D-8165-596CD441EB3D}.Debug|Xbox 360.ActiveCfg = Debug|x86
		{431390CF-CB37-492D-8165-596CD441EB3D}.Debug|Zune.ActiveCfg = Debug|x86
		{431390CF-CB37-492D-8165-596CD441EB3D}.Debug360|Any CPU.ActiveCfg = Debug|x86
		{431390CF-CB37-492D-8165-596CD441EB3D}.Debug360|Mixed Platforms.ActiveCfg = Debug|x86
		{431390CF-CB37-492D-8165-596CD441EB3D}.Debug360|x86.ActiveCfg = Debug|x86
		{431390CF-CB37-492D-8165-596CD441EB3D}.Debug360|Xbox 360.ActiveCfg = Debug|x86
		{431390CF-CB37-492D-8165-596CD441EB3D}.Debug360|Zune.ActiveCfg = Debug|x86
		{431390CF-CB37-492D-8165-596CD441EB3D}.DebugZune|Any CPU.ActiveCfg = Debug|x86
		{431390CF-CB37-492D-8165-596CD441EB3D}.DebugZune|Mixed Platforms.ActiveCfg = Debug|x86
		{431390CF-CB37-492D-8165-596CD441EB3D}.DebugZune|x86.ActiveCfg = Debug|x86
		{431390CF-CB37-492D-8165-596CD441EB3D}.DebugZune|Xbox 360.ActiveCfg = Debug|x86
		{431390CF-CB37-492D-8165-596CD441EB3D}.DebugZune|Zune.ActiveCfg = Debug|x86
		{431390CF-CB37-492D-8165-596CD441EB3D}.Release|Any CPU.ActiveCfg = Release|x86
		{431390CF-CB37-492D-8165-596CD441EB3D}.Release|Mixed Platforms.ActiveCfg = Release|x86
		{431390CF-CB37-492D-8165-596CD441EB3D}.Release|x86.ActiveCfg = Release|x86
		{431390CF-CB37-492D-8165-596CD441EB3D}.Release|Xbox 360.ActiveCfg = Release|x86
		{431390CF-CB37-492D-8165-596CD441EB3D}.Release|Zune.ActiveCfg = Release|x86
		{38E4030B-20FE-45F3-9706-4CF4ED73C828}.Debug|Any CPU.ActiveCfg = Debug|x86
		{38E4030B-20FE-45F3-9706-4CF4ED73C828}.Debug|Mixed Platforms.ActiveCfg = Debug|x86
		{38E4030B-20FE-45F3-9706-4CF4ED73C828}.Debug|x86.ActiveCfg = Debug|x86
		{38E4030B-20FE-45F3-9706-4CF4ED73C828}.Debug|Xbox 360.ActiveCfg = Debug|x86
		{38E4030B-20FE-45F3-9706-4CF4ED73C828}.Debug|Zune.ActiveCfg = Debug|x86
		{38E4030B-20FE-45F3-9706-4CF4ED73C828}.Debug360|Any CPU.ActiveCfg = Debug|x86
		{38E4030B-20FE-45F3-9706-4CF4ED73C828}.Debug360|Mixed Platforms.ActiveCfg = Debug|x86
		{38E4030B-20FE-45F3-9706-4CF4ED73C828}.Debug360|x86.ActiveCfg = Debug|x86
		{38E4030B-20FE-45F3-9706-4CF4ED73C828}.Debug360|Xbox 360.ActiveCfg = Debug|x86
		{38E4030B-20FE-45F3-9706-4CF4ED73C828}.Debug360|Zune.ActiveCfg = Debug|x86
		{38E4030B-20FE-45F3-9706-4CF4ED73C828}.DebugZune|Any CPU.ActiveCfg = Debug|x86
		{38E4030B-20FE-45F3-9706-4CF4ED73C828}.DebugZune|Mixed Platforms.ActiveCfg = Debug|x86
		{38E4030B-20FE-45F3-9706-4CF4ED73C828}.DebugZune|x86.ActiveCfg = Debug|x86
		{38E4030B-20FE-45F3-9706-4CF4ED73C828}.DebugZune|Xbox 360.ActiveCfg = Debug|x86
		{38E4030B-20FE-45F3-9706-4CF4ED73C828}.DebugZune|Zune.ActiveCfg = Debug|x86
		{38E4030B-20FE-45F3-9706-4CF4ED73C828}.Release|Any CPU.ActiveCfg = Release|x86
		{38E4030B-20FE-45F3-9706-4CF4ED73C828}.Release|Mixed Platforms.ActiveCfg = Release|x86
		{38E4030B-20FE-45F3-9706-4CF4ED73C828}.Release|x86.ActiveCfg = Release|x86
		{38E4030B-20FE-45F3-9706-4CF4ED73C828}.Release|Xbox 360.ActiveCfg = Release|x86
		{38E4030B-20FE-45F3-9706-4CF4ED73C828}.Release|Zune.ActiveCfg = Release|x86
		{EEFF6A2F-6A03-4577-A146-D4EE63839D9D}.Debug|Any CPU.ActiveCfg = Debug|x86
		{EEFF6A2F-6A03-4577-A146-D4EE63839D9D}.Debug|Mixed Platforms.ActiveCfg = Debug|x86
		{EEFF6A2F-6A03-4577-A146-D4EE63839D9D}.Debug|x86.ActiveCfg = Debug|x86
		{EEFF6A2F-6A03-4577-A146-D4EE63839D9D}.Debug|Xbox 360.ActiveCfg = Debug|x86
		{EEFF6A2F-6A03-4577-A146-D4EE63839D9D}.Debug|Zune.ActiveCfg = Debug|x86
		{EEFF6A2F-6A03-4577-A146-D4EE63839D9D}.Debug360|Any CPU.ActiveCfg = Debug|x86
		{EEFF6A2F-6A03-4577-A146-D4EE63839D9D}.Debug360|Mixed Platforms.ActiveCfg = Debug|x86
		{EEFF6A2F-6A03-4577-A146-D4EE63839D9D}.Debug360|x86.ActiveCfg = Debug|x86
		{EEFF6A2F-6A03-4577-A146-D4EE63839D9D}.Debug360|Xbox 360.ActiveCfg = Debug|x86
		{EEFF6A2F-6A03-4577-A146-D4EE63839D9D}.Debug360|Zune.ActiveCfg = Debug|x86
		{EEFF6A2F-6A03-4577-A146-D4EE63839D9D}.DebugZune|Any CPU.ActiveCfg = Debug|x86
		{EEFF6A2F-6A03-4577-A146-D4EE63839D9D}.DebugZune|Mixed Platforms.ActiveCfg = Debug|x86
		{EEFF6A2F-6A03-4577-A146-D4EE63839D9D}.DebugZune|x86.ActiveCfg = Debug|x86
		{EEFF6A2F-6A03-4577-A146-D4EE63839D9D}.DebugZune|Xbox 360.ActiveCfg = Debug|x86
		{EEFF6A2F-6A03-4577-A146-D4EE63839D9D}.DebugZune|Zune.ActiveCfg = Debug|x86
		{EEFF6A2F-6A03-4577-A146-D4EE63839D9D}.Release|Any CPU.ActiveCfg = Release|x86
		{EEFF6A2F-6A03-4577-A146-D4EE63839D9D}.Release|Mixed Platforms.ActiveCfg = Release|x86
		{EEFF6A2F-6A03-4577-A146-D4EE63839D9D}.Release|x86.ActiveCfg = Release|x86
		{EEFF6A2F-6A03-4577-A146-D4EE63839D9D}.Release|Xbox 360.ActiveCfg = Release|x86
		{EEFF6A2F-6A03-4577-A146-D4EE63839D9D}.Release|Zune.ActiveCfg = Release|x86
	EndGlobalSection
	GlobalSection(SolutionProperties) = preSolution
		HideSolutionNode = FALSE
	EndGlobalSection
	GlobalSection(NestedProjects) = preSolution
		{B3AF47AF-879D-43D6-8FC7-AB99D0055189} = {9CA923A2-7667-485F-B26C-EE71BD806520}
		{A8D880C3-7352-43BE-869A-566270D7CB0A} = {9CA923A2-7667-485F-B26C-EE71BD806520}
		{FAF315A8-A843-4FB1-8F65-7D41DF17D9C1} = {9CA923A2-7667-485F-B26C-EE71BD806520}
		{CD657FC2-B466-4DF5-B5C5-320A8E9A82E6} = {9CA923A2-7667-485F-B26C-EE71BD806520}
		{09CA4F2D-70EC-4446-8D42-13006BAE097A} = {9CA923A2-7667-485F-B26C-EE71BD806520}
		{FAD90F7A-B543-424A-A7F7-EF7422DF5DE2} = {9CA923A2-7667-485F-B26C-EE71BD806520}
		{C2CB68FD-C802-467A-8810-0A4EBC59DB7A} = {9CA923A2-7667-485F-B26C-EE71BD806520}
		{1F093F9B-6394-45E9-B3CC-0892C34AA379} = {9CA923A2-7667-485F-B26C-EE71BD806520}
		{3A18D9D4-4C8B-4083-A427-A244077ED685} = {5F3FE610-FA60-4AFA-B592-3F99F9F114C4}
		{2D0F6FF5-5424-417A-A215-A4B6FBB45AE7} = {5F3FE610-FA60-4AFA-B592-3F99F9F114C4}
		{6C8F106D-0C81-44E0-A747-DDFAE2345432} = {5F3FE610-FA60-4AFA-B592-3F99F9F114C4}
		{0DB3B5F0-1519-42CA-93D0-0F7D24364A66} = {5F3FE610-FA60-4AFA-B592-3F99F9F114C4}
		{7C67E800-D2BF-4FE7-B0CB-88FD1F241485} = {5F3FE610-FA60-4AFA-B592-3F99F9F114C4}
		{58D60196-7497-4BB3-AB65-A72C2B5130DD} = {5F3FE610-FA60-4AFA-B592-3F99F9F114C4}
		{9A87EE54-791A-4040-86CC-562B606C3A97} = {5F3FE610-FA60-4AFA-B592-3F99F9F114C4}
	EndGlobalSection
EndGlobal
